// !$*UTF8*$!
{
	archiveVersion = 1;
	classes = {
	};
	objectVersion = 55;
	objects = {

/* Begin PBXBuildFile section */
		3F2BE9C5270C998E0051C910 /* APIHelper.swift in Sources */ = {isa = PBXBuildFile; fileRef = 3FE7B69E2707350E00A6D8E1 /* APIHelper.swift */; };
		3F2BE9C6270C99910051C910 /* AlamofireImplementations.swift in Sources */ = {isa = PBXBuildFile; fileRef = 3FE7B69F2707350E00A6D8E1 /* AlamofireImplementations.swift */; };
		3F2BE9C7270C99940051C910 /* JSONValue.swift in Sources */ = {isa = PBXBuildFile; fileRef = 3FE7B6A02707350E00A6D8E1 /* JSONValue.swift */; };
		3F2BE9C8270C99980051C910 /* UserAPI.swift in Sources */ = {isa = PBXBuildFile; fileRef = 3FE7B6A22707350E00A6D8E1 /* UserAPI.swift */; };
		3F2BE9C9270C999B0051C910 /* AvatarCandidateAPI.swift in Sources */ = {isa = PBXBuildFile; fileRef = 3FE7B6A32707350E00A6D8E1 /* AvatarCandidateAPI.swift */; };
		3F2BE9CA270C999D0051C910 /* ProvisioningProfileAPI.swift in Sources */ = {isa = PBXBuildFile; fileRef = 3FE7B6A42707350E00A6D8E1 /* ProvisioningProfileAPI.swift */; };
		3F2BE9CB270C99A00051C910 /* BuildCertificateAPI.swift in Sources */ = {isa = PBXBuildFile; fileRef = 3FE7B6A52707350E00A6D8E1 /* BuildCertificateAPI.swift */; };
		3F2BE9CC270C99A30051C910 /* ActivityAPI.swift in Sources */ = {isa = PBXBuildFile; fileRef = 3FE7B6A62707350E00A6D8E1 /* ActivityAPI.swift */; };
		3F2BE9CD270C99A50051C910 /* AndroidKeystoreFileAPI.swift in Sources */ = {isa = PBXBuildFile; fileRef = 3FE7B6A72707350E00A6D8E1 /* AndroidKeystoreFileAPI.swift */; };
		3F2BE9CE270C99A80051C910 /* BuildRequestAPI.swift in Sources */ = {isa = PBXBuildFile; fileRef = 3FE7B6A82707350E00A6D8E1 /* BuildRequestAPI.swift */; };
		3F2BE9CF270C99AA0051C910 /* BuildsAPI.swift in Sources */ = {isa = PBXBuildFile; fileRef = 3FE7B6A92707350E00A6D8E1 /* BuildsAPI.swift */; };
		3F2BE9D0270C99AD0051C910 /* PipelinesAPI.swift in Sources */ = {isa = PBXBuildFile; fileRef = 3FE7B6AA2707350E00A6D8E1 /* PipelinesAPI.swift */; };
		3F2BE9D1270C99B00051C910 /* AppSetupAPI.swift in Sources */ = {isa = PBXBuildFile; fileRef = 3FE7B6AB2707350E00A6D8E1 /* AppSetupAPI.swift */; };
		3F2BE9D2270C99B20051C910 /* WebhookDeliveryItemAPI.swift in Sources */ = {isa = PBXBuildFile; fileRef = 3FE7B6AC2707350E00A6D8E1 /* WebhookDeliveryItemAPI.swift */; };
		3F2BE9D3270C99B50051C910 /* BuildArtifactAPI.swift in Sources */ = {isa = PBXBuildFile; fileRef = 3FE7B6AD2707350E00A6D8E1 /* BuildArtifactAPI.swift */; };
		3F2BE9D4270C99B80051C910 /* GenericProjectFileAPI.swift in Sources */ = {isa = PBXBuildFile; fileRef = 3FE7B6AE2707350E00A6D8E1 /* GenericProjectFileAPI.swift */; };
		3F2BE9D5270C99BA0051C910 /* OrganizationsAPI.swift in Sources */ = {isa = PBXBuildFile; fileRef = 3FE7B6AF2707350E00A6D8E1 /* OrganizationsAPI.swift */; };
		3F2BE9D6270C99BD0051C910 /* ApplicationAPI.swift in Sources */ = {isa = PBXBuildFile; fileRef = 3FE7B6B02707350E00A6D8E1 /* ApplicationAPI.swift */; };
		3F2BE9D7270C99C00051C910 /* TestDevicesAPI.swift in Sources */ = {isa = PBXBuildFile; fileRef = 3FE7B6B12707350E00A6D8E1 /* TestDevicesAPI.swift */; };
		3F2BE9D8270C99C20051C910 /* AppleApiCredentialsAPI.swift in Sources */ = {isa = PBXBuildFile; fileRef = 3FE7B6B22707350E00A6D8E1 /* AppleApiCredentialsAPI.swift */; };
		3F2BE9D9270C99C50051C910 /* AddonsAPI.swift in Sources */ = {isa = PBXBuildFile; fileRef = 3FE7B6B32707350E00A6D8E1 /* AddonsAPI.swift */; };
		3F2BE9DA270C99C70051C910 /* OutgoingWebhookAPI.swift in Sources */ = {isa = PBXBuildFile; fileRef = 3FE7B6B42707350E00A6D8E1 /* OutgoingWebhookAPI.swift */; };
		3F2BE9DB270C99CA0051C910 /* CodableHelper.swift in Sources */ = {isa = PBXBuildFile; fileRef = 3FE7B6B52707350E00A6D8E1 /* CodableHelper.swift */; };
		3F2BE9DC270C99CC0051C910 /* JSONEncodableEncoding.swift in Sources */ = {isa = PBXBuildFile; fileRef = 3FE7B6B62707350E00A6D8E1 /* JSONEncodableEncoding.swift */; };
		3F2BE9DD270C99CF0051C910 /* APIs.swift in Sources */ = {isa = PBXBuildFile; fileRef = 3FE7B6B72707350E00A6D8E1 /* APIs.swift */; };
		3F2BE9DE270C99D10051C910 /* JSONEncodingHelper.swift in Sources */ = {isa = PBXBuildFile; fileRef = 3FE7B7212707350E00A6D8E1 /* JSONEncodingHelper.swift */; };
		3F2BE9DF270C99D40051C910 /* Configuration.swift in Sources */ = {isa = PBXBuildFile; fileRef = 3FE7B7232707350E00A6D8E1 /* Configuration.swift */; };
		3F2BE9E2270CA0C00051C910 /* AccountsScreenView.swift in Sources */ = {isa = PBXBuildFile; fileRef = 3F2BE9E1270CA0C00051C910 /* AccountsScreenView.swift */; };
		3F2BE9E3270CA0C00051C910 /* AccountsScreenView.swift in Sources */ = {isa = PBXBuildFile; fileRef = 3F2BE9E1270CA0C00051C910 /* AccountsScreenView.swift */; };
		3F2BE9E5270CA5E00051C910 /* TabsScreenView.swift in Sources */ = {isa = PBXBuildFile; fileRef = 3F2BE9E4270CA5E00051C910 /* TabsScreenView.swift */; };
		3F2BE9E6270CA5E00051C910 /* TabsScreenView.swift in Sources */ = {isa = PBXBuildFile; fileRef = 3F2BE9E4270CA5E00051C910 /* TabsScreenView.swift */; };
		3F70EBBB2714E43600A4841E /* BTextField.swift in Sources */ = {isa = PBXBuildFile; fileRef = 3F70EBBA2714E43600A4841E /* BTextField.swift */; };
		3F70EBBC2714E43600A4841E /* BTextField.swift in Sources */ = {isa = PBXBuildFile; fileRef = 3F70EBBA2714E43600A4841E /* BTextField.swift */; };
		3F70EBBF2714EAAE00A4841E /* Color+Additions.swift in Sources */ = {isa = PBXBuildFile; fileRef = 3F70EBBE2714EAAE00A4841E /* Color+Additions.swift */; };
		3F70EBC02714EAAE00A4841E /* Color+Additions.swift in Sources */ = {isa = PBXBuildFile; fileRef = 3F70EBBE2714EAAE00A4841E /* Color+Additions.swift */; };
		3FA5136A270B777D00A5B881 /* URLSessionRequestBuilder.swift in Sources */ = {isa = PBXBuildFile; fileRef = 3FA51369270B777D00A5B881 /* URLSessionRequestBuilder.swift */; };
		3FA5136B270B777D00A5B881 /* URLSessionRequestBuilder.swift in Sources */ = {isa = PBXBuildFile; fileRef = 3FA51369270B777D00A5B881 /* URLSessionRequestBuilder.swift */; };
		3FA5136E270B9D6900A5B881 /* Logger.swift in Sources */ = {isa = PBXBuildFile; fileRef = 3FA5136D270B9D6900A5B881 /* Logger.swift */; };
		3FA5136F270B9D6900A5B881 /* Logger.swift in Sources */ = {isa = PBXBuildFile; fileRef = 3FA5136D270B9D6900A5B881 /* Logger.swift */; };
		3FCC459C27075AE80001A9C2 /* TokenScreenView.swift in Sources */ = {isa = PBXBuildFile; fileRef = 3FCC459B27075AE80001A9C2 /* TokenScreenView.swift */; };
		3FCC459D27075AE80001A9C2 /* TokenScreenView.swift in Sources */ = {isa = PBXBuildFile; fileRef = 3FCC459B27075AE80001A9C2 /* TokenScreenView.swift */; };
		3FCC45A227075D170001A9C2 /* Coordinator.swift in Sources */ = {isa = PBXBuildFile; fileRef = 3FCC45A127075D170001A9C2 /* Coordinator.swift */; };
		3FCC45A327075D170001A9C2 /* Coordinator.swift in Sources */ = {isa = PBXBuildFile; fileRef = 3FCC45A127075D170001A9C2 /* Coordinator.swift */; };
		3FCC45A627075EDF0001A9C2 /* UserDefaults+Additions.swift in Sources */ = {isa = PBXBuildFile; fileRef = 3FCC45A527075EDF0001A9C2 /* UserDefaults+Additions.swift */; };
		3FCC45A727075EDF0001A9C2 /* UserDefaults+Additions.swift in Sources */ = {isa = PBXBuildFile; fileRef = 3FCC45A527075EDF0001A9C2 /* UserDefaults+Additions.swift */; };
		3FCC45A927075F690001A9C2 /* FullscreenLoadingView.swift in Sources */ = {isa = PBXBuildFile; fileRef = 3FCC45A827075F690001A9C2 /* FullscreenLoadingView.swift */; };
		3FCC45AA27075F690001A9C2 /* FullscreenLoadingView.swift in Sources */ = {isa = PBXBuildFile; fileRef = 3FCC45A827075F690001A9C2 /* FullscreenLoadingView.swift */; };
		3FCC45AD270767370001A9C2 /* MainCoordinatorView.swift in Sources */ = {isa = PBXBuildFile; fileRef = 3FCC45AC270767370001A9C2 /* MainCoordinatorView.swift */; };
		3FCC45AE270767370001A9C2 /* MainCoordinatorView.swift in Sources */ = {isa = PBXBuildFile; fileRef = 3FCC45AC270767370001A9C2 /* MainCoordinatorView.swift */; };
		3FCC45B0270767480001A9C2 /* MainCoordinator.swift in Sources */ = {isa = PBXBuildFile; fileRef = 3FCC45AF270767480001A9C2 /* MainCoordinator.swift */; };
		3FCC45B1270767480001A9C2 /* MainCoordinator.swift in Sources */ = {isa = PBXBuildFile; fileRef = 3FCC45AF270767480001A9C2 /* MainCoordinator.swift */; };
		3FCC45B427078D250001A9C2 /* RootNavigationView.swift in Sources */ = {isa = PBXBuildFile; fileRef = 3FCC45B327078D250001A9C2 /* RootNavigationView.swift */; };
		3FCC45B527078D250001A9C2 /* RootNavigationView.swift in Sources */ = {isa = PBXBuildFile; fileRef = 3FCC45B327078D250001A9C2 /* RootNavigationView.swift */; };
		3FCC45B827078E040001A9C2 /* ProfileScreenView.swift in Sources */ = {isa = PBXBuildFile; fileRef = 3FCC45B727078E040001A9C2 /* ProfileScreenView.swift */; };
		3FCC45B927078E040001A9C2 /* ProfileScreenView.swift in Sources */ = {isa = PBXBuildFile; fileRef = 3FCC45B727078E040001A9C2 /* ProfileScreenView.swift */; };
		3FCC45BB27078EB40001A9C2 /* ProfileViewModel.swift in Sources */ = {isa = PBXBuildFile; fileRef = 3FCC45BA27078EB40001A9C2 /* ProfileViewModel.swift */; };
		3FCC45BC27078EB40001A9C2 /* ProfileViewModel.swift in Sources */ = {isa = PBXBuildFile; fileRef = 3FCC45BA27078EB40001A9C2 /* ProfileViewModel.swift */; };
		3FCC45BF2707923F0001A9C2 /* BuildsScreenView.swift in Sources */ = {isa = PBXBuildFile; fileRef = 3FCC45BE2707923F0001A9C2 /* BuildsScreenView.swift */; };
		3FCC45C02707923F0001A9C2 /* BuildsScreenView.swift in Sources */ = {isa = PBXBuildFile; fileRef = 3FCC45BE2707923F0001A9C2 /* BuildsScreenView.swift */; };
		3FCC45C22707924D0001A9C2 /* BuildsViewModel.swift in Sources */ = {isa = PBXBuildFile; fileRef = 3FCC45C12707924D0001A9C2 /* BuildsViewModel.swift */; };
		3FCC45C32707924D0001A9C2 /* BuildsViewModel.swift in Sources */ = {isa = PBXBuildFile; fileRef = 3FCC45C12707924D0001A9C2 /* BuildsViewModel.swift */; };
		3FCC45C52707930E0001A9C2 /* BaseViewModel.swift in Sources */ = {isa = PBXBuildFile; fileRef = 3FCC45C42707930E0001A9C2 /* BaseViewModel.swift */; };
		3FCC45C62707930E0001A9C2 /* BaseViewModel.swift in Sources */ = {isa = PBXBuildFile; fileRef = 3FCC45C42707930E0001A9C2 /* BaseViewModel.swift */; };
		3FCC45C8270797E30001A9C2 /* BaseView.swift in Sources */ = {isa = PBXBuildFile; fileRef = 3FCC45C7270797E30001A9C2 /* BaseView.swift */; };
		3FCC45C9270797E30001A9C2 /* BaseView.swift in Sources */ = {isa = PBXBuildFile; fileRef = 3FCC45C7270797E30001A9C2 /* BaseView.swift */; };
		3FD2FCA82724C7520093BE62 /* PagingViewModel.swift in Sources */ = {isa = PBXBuildFile; fileRef = 3FD2FCA72724C7510093BE62 /* PagingViewModel.swift */; };
		3FD2FCA92724C7520093BE62 /* PagingViewModel.swift in Sources */ = {isa = PBXBuildFile; fileRef = 3FD2FCA72724C7510093BE62 /* PagingViewModel.swift */; };
		3FD2FCAC2725E5520093BE62 /* BuildScreenView.swift in Sources */ = {isa = PBXBuildFile; fileRef = 3FD2FCAB2725E5520093BE62 /* BuildScreenView.swift */; };
		3FD2FCAD2725E5520093BE62 /* BuildScreenView.swift in Sources */ = {isa = PBXBuildFile; fileRef = 3FD2FCAB2725E5520093BE62 /* BuildScreenView.swift */; };
		3FD85D0E2721CAC200E894E8 /* SubmitButtonStyle.swift in Sources */ = {isa = PBXBuildFile; fileRef = 3FD85D0D2721CAC200E894E8 /* SubmitButtonStyle.swift */; };
		3FD85D0F2721CAC200E894E8 /* SubmitButtonStyle.swift in Sources */ = {isa = PBXBuildFile; fileRef = 3FD85D0D2721CAC200E894E8 /* SubmitButtonStyle.swift */; };
		3FD85D112721CF6F00E894E8 /* Color.swift in Sources */ = {isa = PBXBuildFile; fileRef = 3FD85D102721CF6F00E894E8 /* Color.swift */; };
		3FD85D122721CF6F00E894E8 /* Color.swift in Sources */ = {isa = PBXBuildFile; fileRef = 3FD85D102721CF6F00E894E8 /* Color.swift */; };
		3FD85D142721D53600E894E8 /* ClearButton.swift in Sources */ = {isa = PBXBuildFile; fileRef = 3FD85D132721D53600E894E8 /* ClearButton.swift */; };
		3FD85D152721D53600E894E8 /* ClearButton.swift in Sources */ = {isa = PBXBuildFile; fileRef = 3FD85D132721D53600E894E8 /* ClearButton.swift */; };
		3FD85D172721D84F00E894E8 /* PasteButton.swift in Sources */ = {isa = PBXBuildFile; fileRef = 3FD85D162721D84F00E894E8 /* PasteButton.swift */; };
		3FD85D182721D84F00E894E8 /* PasteButton.swift in Sources */ = {isa = PBXBuildFile; fileRef = 3FD85D162721D84F00E894E8 /* PasteButton.swift */; };
		3FE7B55427072C1E00A6D8E1 /* BuildioApp.swift in Sources */ = {isa = PBXBuildFile; fileRef = 3FE7B54427072C1C00A6D8E1 /* BuildioApp.swift */; };
		3FE7B55527072C1E00A6D8E1 /* BuildioApp.swift in Sources */ = {isa = PBXBuildFile; fileRef = 3FE7B54427072C1C00A6D8E1 /* BuildioApp.swift */; };
		3FE7B55627072C1E00A6D8E1 /* ContentView.swift in Sources */ = {isa = PBXBuildFile; fileRef = 3FE7B54527072C1C00A6D8E1 /* ContentView.swift */; };
		3FE7B55727072C1E00A6D8E1 /* ContentView.swift in Sources */ = {isa = PBXBuildFile; fileRef = 3FE7B54527072C1C00A6D8E1 /* ContentView.swift */; };
		3FE7B55827072C1E00A6D8E1 /* Assets.xcassets in Resources */ = {isa = PBXBuildFile; fileRef = 3FE7B54627072C1D00A6D8E1 /* Assets.xcassets */; };
		3FE7B55927072C1E00A6D8E1 /* Assets.xcassets in Resources */ = {isa = PBXBuildFile; fileRef = 3FE7B54627072C1D00A6D8E1 /* Assets.xcassets */; };
		3FE7B7242707350E00A6D8E1 /* APIHelper.swift in Sources */ = {isa = PBXBuildFile; fileRef = 3FE7B69E2707350E00A6D8E1 /* APIHelper.swift */; };
		3FE7B7252707350E00A6D8E1 /* AlamofireImplementations.swift in Sources */ = {isa = PBXBuildFile; fileRef = 3FE7B69F2707350E00A6D8E1 /* AlamofireImplementations.swift */; };
		3FE7B7262707350E00A6D8E1 /* JSONValue.swift in Sources */ = {isa = PBXBuildFile; fileRef = 3FE7B6A02707350E00A6D8E1 /* JSONValue.swift */; };
		3FE7B7272707350E00A6D8E1 /* UserAPI.swift in Sources */ = {isa = PBXBuildFile; fileRef = 3FE7B6A22707350E00A6D8E1 /* UserAPI.swift */; };
		3FE7B7282707350E00A6D8E1 /* AvatarCandidateAPI.swift in Sources */ = {isa = PBXBuildFile; fileRef = 3FE7B6A32707350E00A6D8E1 /* AvatarCandidateAPI.swift */; };
		3FE7B7292707350E00A6D8E1 /* ProvisioningProfileAPI.swift in Sources */ = {isa = PBXBuildFile; fileRef = 3FE7B6A42707350E00A6D8E1 /* ProvisioningProfileAPI.swift */; };
		3FE7B72A2707350E00A6D8E1 /* BuildCertificateAPI.swift in Sources */ = {isa = PBXBuildFile; fileRef = 3FE7B6A52707350E00A6D8E1 /* BuildCertificateAPI.swift */; };
		3FE7B72B2707350E00A6D8E1 /* ActivityAPI.swift in Sources */ = {isa = PBXBuildFile; fileRef = 3FE7B6A62707350E00A6D8E1 /* ActivityAPI.swift */; };
		3FE7B72C2707350E00A6D8E1 /* AndroidKeystoreFileAPI.swift in Sources */ = {isa = PBXBuildFile; fileRef = 3FE7B6A72707350E00A6D8E1 /* AndroidKeystoreFileAPI.swift */; };
		3FE7B72D2707350E00A6D8E1 /* BuildRequestAPI.swift in Sources */ = {isa = PBXBuildFile; fileRef = 3FE7B6A82707350E00A6D8E1 /* BuildRequestAPI.swift */; };
		3FE7B72E2707350E00A6D8E1 /* BuildsAPI.swift in Sources */ = {isa = PBXBuildFile; fileRef = 3FE7B6A92707350E00A6D8E1 /* BuildsAPI.swift */; };
		3FE7B72F2707350E00A6D8E1 /* PipelinesAPI.swift in Sources */ = {isa = PBXBuildFile; fileRef = 3FE7B6AA2707350E00A6D8E1 /* PipelinesAPI.swift */; };
		3FE7B7302707350E00A6D8E1 /* AppSetupAPI.swift in Sources */ = {isa = PBXBuildFile; fileRef = 3FE7B6AB2707350E00A6D8E1 /* AppSetupAPI.swift */; };
		3FE7B7312707350E00A6D8E1 /* WebhookDeliveryItemAPI.swift in Sources */ = {isa = PBXBuildFile; fileRef = 3FE7B6AC2707350E00A6D8E1 /* WebhookDeliveryItemAPI.swift */; };
		3FE7B7322707350E00A6D8E1 /* BuildArtifactAPI.swift in Sources */ = {isa = PBXBuildFile; fileRef = 3FE7B6AD2707350E00A6D8E1 /* BuildArtifactAPI.swift */; };
		3FE7B7332707350E00A6D8E1 /* GenericProjectFileAPI.swift in Sources */ = {isa = PBXBuildFile; fileRef = 3FE7B6AE2707350E00A6D8E1 /* GenericProjectFileAPI.swift */; };
		3FE7B7342707350E00A6D8E1 /* OrganizationsAPI.swift in Sources */ = {isa = PBXBuildFile; fileRef = 3FE7B6AF2707350E00A6D8E1 /* OrganizationsAPI.swift */; };
		3FE7B7352707350E00A6D8E1 /* ApplicationAPI.swift in Sources */ = {isa = PBXBuildFile; fileRef = 3FE7B6B02707350E00A6D8E1 /* ApplicationAPI.swift */; };
		3FE7B7362707350E00A6D8E1 /* TestDevicesAPI.swift in Sources */ = {isa = PBXBuildFile; fileRef = 3FE7B6B12707350E00A6D8E1 /* TestDevicesAPI.swift */; };
		3FE7B7372707350E00A6D8E1 /* AppleApiCredentialsAPI.swift in Sources */ = {isa = PBXBuildFile; fileRef = 3FE7B6B22707350E00A6D8E1 /* AppleApiCredentialsAPI.swift */; };
		3FE7B7382707350E00A6D8E1 /* AddonsAPI.swift in Sources */ = {isa = PBXBuildFile; fileRef = 3FE7B6B32707350E00A6D8E1 /* AddonsAPI.swift */; };
		3FE7B7392707350E00A6D8E1 /* OutgoingWebhookAPI.swift in Sources */ = {isa = PBXBuildFile; fileRef = 3FE7B6B42707350E00A6D8E1 /* OutgoingWebhookAPI.swift */; };
		3FE7B73A2707350E00A6D8E1 /* CodableHelper.swift in Sources */ = {isa = PBXBuildFile; fileRef = 3FE7B6B52707350E00A6D8E1 /* CodableHelper.swift */; };
		3FE7B73B2707350E00A6D8E1 /* JSONEncodableEncoding.swift in Sources */ = {isa = PBXBuildFile; fileRef = 3FE7B6B62707350E00A6D8E1 /* JSONEncodableEncoding.swift */; };
		3FE7B73C2707350E00A6D8E1 /* APIs.swift in Sources */ = {isa = PBXBuildFile; fileRef = 3FE7B6B72707350E00A6D8E1 /* APIs.swift */; };
		3FE7B7A52707350E00A6D8E1 /* JSONEncodingHelper.swift in Sources */ = {isa = PBXBuildFile; fileRef = 3FE7B7212707350E00A6D8E1 /* JSONEncodingHelper.swift */; };
		3FE7B7A72707350E00A6D8E1 /* Configuration.swift in Sources */ = {isa = PBXBuildFile; fileRef = 3FE7B7232707350E00A6D8E1 /* Configuration.swift */; };
		3FF276172721AB1700701113 /* TokenFigmaScreenView.swift in Sources */ = {isa = PBXBuildFile; fileRef = 3FF276162721AB1700701113 /* TokenFigmaScreenView.swift */; };
		3FF276182721AB1700701113 /* TokenFigmaScreenView.swift in Sources */ = {isa = PBXBuildFile; fileRef = 3FF276162721AB1700701113 /* TokenFigmaScreenView.swift */; };
		6258271CD3DFD6D0A3D67B3A /* libPods-Buildio (iOS).a in Frameworks */ = {isa = PBXBuildFile; fileRef = F0BF57EFECF9AFC820E70F9A /* libPods-Buildio (iOS).a */; };
		81147B81F01A0549AFFB8BD7 /* libPods-Buildio (macOS).a in Frameworks */ = {isa = PBXBuildFile; fileRef = B1D2CC45787AF8F5E97DEF0C /* libPods-Buildio (macOS).a */; };
/* End PBXBuildFile section */

/* Begin PBXFileReference section */
		02A045F883245F19B2236D5A /* Pods-Buildio (macOS).debug.xcconfig */ = {isa = PBXFileReference; includeInIndex = 1; lastKnownFileType = text.xcconfig; name = "Pods-Buildio (macOS).debug.xcconfig"; path = "Target Support Files/Pods-Buildio (macOS)/Pods-Buildio (macOS).debug.xcconfig"; sourceTree = "<group>"; };
		02BC01504528BADE88AE233D /* Pods-Buildio (iOS).release.xcconfig */ = {isa = PBXFileReference; includeInIndex = 1; lastKnownFileType = text.xcconfig; name = "Pods-Buildio (iOS).release.xcconfig"; path = "Target Support Files/Pods-Buildio (iOS)/Pods-Buildio (iOS).release.xcconfig"; sourceTree = "<group>"; };
		3F2BE9E1270CA0C00051C910 /* AccountsScreenView.swift */ = {isa = PBXFileReference; lastKnownFileType = sourcecode.swift; path = AccountsScreenView.swift; sourceTree = "<group>"; };
		3F2BE9E4270CA5E00051C910 /* TabsScreenView.swift */ = {isa = PBXFileReference; lastKnownFileType = sourcecode.swift; path = TabsScreenView.swift; sourceTree = "<group>"; };
		3F70EBBA2714E43600A4841E /* BTextField.swift */ = {isa = PBXFileReference; lastKnownFileType = sourcecode.swift; path = BTextField.swift; sourceTree = "<group>"; };
		3F70EBBE2714EAAE00A4841E /* Color+Additions.swift */ = {isa = PBXFileReference; lastKnownFileType = sourcecode.swift; path = "Color+Additions.swift"; sourceTree = "<group>"; };
		3FA51369270B777D00A5B881 /* URLSessionRequestBuilder.swift */ = {isa = PBXFileReference; lastKnownFileType = sourcecode.swift; path = URLSessionRequestBuilder.swift; sourceTree = "<group>"; };
		3FA5136D270B9D6900A5B881 /* Logger.swift */ = {isa = PBXFileReference; lastKnownFileType = sourcecode.swift; path = Logger.swift; sourceTree = "<group>"; };
		3FCC459B27075AE80001A9C2 /* TokenScreenView.swift */ = {isa = PBXFileReference; lastKnownFileType = sourcecode.swift; path = TokenScreenView.swift; sourceTree = "<group>"; };
		3FCC45A127075D170001A9C2 /* Coordinator.swift */ = {isa = PBXFileReference; lastKnownFileType = sourcecode.swift; path = Coordinator.swift; sourceTree = "<group>"; };
		3FCC45A527075EDF0001A9C2 /* UserDefaults+Additions.swift */ = {isa = PBXFileReference; lastKnownFileType = sourcecode.swift; path = "UserDefaults+Additions.swift"; sourceTree = "<group>"; };
		3FCC45A827075F690001A9C2 /* FullscreenLoadingView.swift */ = {isa = PBXFileReference; lastKnownFileType = sourcecode.swift; path = FullscreenLoadingView.swift; sourceTree = "<group>"; };
		3FCC45AC270767370001A9C2 /* MainCoordinatorView.swift */ = {isa = PBXFileReference; lastKnownFileType = sourcecode.swift; path = MainCoordinatorView.swift; sourceTree = "<group>"; };
		3FCC45AF270767480001A9C2 /* MainCoordinator.swift */ = {isa = PBXFileReference; lastKnownFileType = sourcecode.swift; path = MainCoordinator.swift; sourceTree = "<group>"; };
		3FCC45B327078D250001A9C2 /* RootNavigationView.swift */ = {isa = PBXFileReference; lastKnownFileType = sourcecode.swift; path = RootNavigationView.swift; sourceTree = "<group>"; };
		3FCC45B727078E040001A9C2 /* ProfileScreenView.swift */ = {isa = PBXFileReference; lastKnownFileType = sourcecode.swift; path = ProfileScreenView.swift; sourceTree = "<group>"; };
		3FCC45BA27078EB40001A9C2 /* ProfileViewModel.swift */ = {isa = PBXFileReference; lastKnownFileType = sourcecode.swift; path = ProfileViewModel.swift; sourceTree = "<group>"; };
		3FCC45BE2707923F0001A9C2 /* BuildsScreenView.swift */ = {isa = PBXFileReference; lastKnownFileType = sourcecode.swift; path = BuildsScreenView.swift; sourceTree = "<group>"; };
		3FCC45C12707924D0001A9C2 /* BuildsViewModel.swift */ = {isa = PBXFileReference; lastKnownFileType = sourcecode.swift; path = BuildsViewModel.swift; sourceTree = "<group>"; };
		3FCC45C42707930E0001A9C2 /* BaseViewModel.swift */ = {isa = PBXFileReference; lastKnownFileType = sourcecode.swift; path = BaseViewModel.swift; sourceTree = "<group>"; };
		3FCC45C7270797E30001A9C2 /* BaseView.swift */ = {isa = PBXFileReference; lastKnownFileType = sourcecode.swift; path = BaseView.swift; sourceTree = "<group>"; };
		3FD2FCA72724C7510093BE62 /* PagingViewModel.swift */ = {isa = PBXFileReference; lastKnownFileType = sourcecode.swift; path = PagingViewModel.swift; sourceTree = "<group>"; };
		3FD2FCAB2725E5520093BE62 /* BuildScreenView.swift */ = {isa = PBXFileReference; lastKnownFileType = sourcecode.swift; path = BuildScreenView.swift; sourceTree = "<group>"; };
		3FD85D0D2721CAC200E894E8 /* SubmitButtonStyle.swift */ = {isa = PBXFileReference; lastKnownFileType = sourcecode.swift; path = SubmitButtonStyle.swift; sourceTree = "<group>"; };
		3FD85D102721CF6F00E894E8 /* Color.swift */ = {isa = PBXFileReference; lastKnownFileType = sourcecode.swift; path = Color.swift; sourceTree = "<group>"; };
		3FD85D132721D53600E894E8 /* ClearButton.swift */ = {isa = PBXFileReference; lastKnownFileType = sourcecode.swift; path = ClearButton.swift; sourceTree = "<group>"; };
		3FD85D162721D84F00E894E8 /* PasteButton.swift */ = {isa = PBXFileReference; fileEncoding = 4; lastKnownFileType = sourcecode.swift; path = PasteButton.swift; sourceTree = "<group>"; };
		3FE7B54427072C1C00A6D8E1 /* BuildioApp.swift */ = {isa = PBXFileReference; lastKnownFileType = sourcecode.swift; path = BuildioApp.swift; sourceTree = "<group>"; };
		3FE7B54527072C1C00A6D8E1 /* ContentView.swift */ = {isa = PBXFileReference; lastKnownFileType = sourcecode.swift; path = ContentView.swift; sourceTree = "<group>"; };
		3FE7B54627072C1D00A6D8E1 /* Assets.xcassets */ = {isa = PBXFileReference; lastKnownFileType = folder.assetcatalog; path = Assets.xcassets; sourceTree = "<group>"; };
		3FE7B54B27072C1E00A6D8E1 /* Buildio.app */ = {isa = PBXFileReference; explicitFileType = wrapper.application; includeInIndex = 0; path = Buildio.app; sourceTree = BUILT_PRODUCTS_DIR; };
		3FE7B55127072C1E00A6D8E1 /* Buildio.app */ = {isa = PBXFileReference; explicitFileType = wrapper.application; includeInIndex = 0; path = Buildio.app; sourceTree = BUILT_PRODUCTS_DIR; };
		3FE7B55327072C1E00A6D8E1 /* macOS.entitlements */ = {isa = PBXFileReference; lastKnownFileType = text.plist.entitlements; path = macOS.entitlements; sourceTree = "<group>"; };
		3FE7B69E2707350E00A6D8E1 /* APIHelper.swift */ = {isa = PBXFileReference; fileEncoding = 4; lastKnownFileType = sourcecode.swift; path = APIHelper.swift; sourceTree = "<group>"; };
		3FE7B69F2707350E00A6D8E1 /* AlamofireImplementations.swift */ = {isa = PBXFileReference; fileEncoding = 4; lastKnownFileType = sourcecode.swift; path = AlamofireImplementations.swift; sourceTree = "<group>"; };
		3FE7B6A02707350E00A6D8E1 /* JSONValue.swift */ = {isa = PBXFileReference; fileEncoding = 4; lastKnownFileType = sourcecode.swift; path = JSONValue.swift; sourceTree = "<group>"; };
		3FE7B6A22707350E00A6D8E1 /* UserAPI.swift */ = {isa = PBXFileReference; fileEncoding = 4; lastKnownFileType = sourcecode.swift; path = UserAPI.swift; sourceTree = "<group>"; };
		3FE7B6A32707350E00A6D8E1 /* AvatarCandidateAPI.swift */ = {isa = PBXFileReference; fileEncoding = 4; lastKnownFileType = sourcecode.swift; path = AvatarCandidateAPI.swift; sourceTree = "<group>"; };
		3FE7B6A42707350E00A6D8E1 /* ProvisioningProfileAPI.swift */ = {isa = PBXFileReference; fileEncoding = 4; lastKnownFileType = sourcecode.swift; path = ProvisioningProfileAPI.swift; sourceTree = "<group>"; };
		3FE7B6A52707350E00A6D8E1 /* BuildCertificateAPI.swift */ = {isa = PBXFileReference; fileEncoding = 4; lastKnownFileType = sourcecode.swift; path = BuildCertificateAPI.swift; sourceTree = "<group>"; };
		3FE7B6A62707350E00A6D8E1 /* ActivityAPI.swift */ = {isa = PBXFileReference; fileEncoding = 4; lastKnownFileType = sourcecode.swift; path = ActivityAPI.swift; sourceTree = "<group>"; };
		3FE7B6A72707350E00A6D8E1 /* AndroidKeystoreFileAPI.swift */ = {isa = PBXFileReference; fileEncoding = 4; lastKnownFileType = sourcecode.swift; path = AndroidKeystoreFileAPI.swift; sourceTree = "<group>"; };
		3FE7B6A82707350E00A6D8E1 /* BuildRequestAPI.swift */ = {isa = PBXFileReference; fileEncoding = 4; lastKnownFileType = sourcecode.swift; path = BuildRequestAPI.swift; sourceTree = "<group>"; };
		3FE7B6A92707350E00A6D8E1 /* BuildsAPI.swift */ = {isa = PBXFileReference; fileEncoding = 4; lastKnownFileType = sourcecode.swift; path = BuildsAPI.swift; sourceTree = "<group>"; };
		3FE7B6AA2707350E00A6D8E1 /* PipelinesAPI.swift */ = {isa = PBXFileReference; fileEncoding = 4; lastKnownFileType = sourcecode.swift; path = PipelinesAPI.swift; sourceTree = "<group>"; };
		3FE7B6AB2707350E00A6D8E1 /* AppSetupAPI.swift */ = {isa = PBXFileReference; fileEncoding = 4; lastKnownFileType = sourcecode.swift; path = AppSetupAPI.swift; sourceTree = "<group>"; };
		3FE7B6AC2707350E00A6D8E1 /* WebhookDeliveryItemAPI.swift */ = {isa = PBXFileReference; fileEncoding = 4; lastKnownFileType = sourcecode.swift; path = WebhookDeliveryItemAPI.swift; sourceTree = "<group>"; };
		3FE7B6AD2707350E00A6D8E1 /* BuildArtifactAPI.swift */ = {isa = PBXFileReference; fileEncoding = 4; lastKnownFileType = sourcecode.swift; path = BuildArtifactAPI.swift; sourceTree = "<group>"; };
		3FE7B6AE2707350E00A6D8E1 /* GenericProjectFileAPI.swift */ = {isa = PBXFileReference; fileEncoding = 4; lastKnownFileType = sourcecode.swift; path = GenericProjectFileAPI.swift; sourceTree = "<group>"; };
		3FE7B6AF2707350E00A6D8E1 /* OrganizationsAPI.swift */ = {isa = PBXFileReference; fileEncoding = 4; lastKnownFileType = sourcecode.swift; path = OrganizationsAPI.swift; sourceTree = "<group>"; };
		3FE7B6B02707350E00A6D8E1 /* ApplicationAPI.swift */ = {isa = PBXFileReference; fileEncoding = 4; lastKnownFileType = sourcecode.swift; path = ApplicationAPI.swift; sourceTree = "<group>"; };
		3FE7B6B12707350E00A6D8E1 /* TestDevicesAPI.swift */ = {isa = PBXFileReference; fileEncoding = 4; lastKnownFileType = sourcecode.swift; path = TestDevicesAPI.swift; sourceTree = "<group>"; };
		3FE7B6B22707350E00A6D8E1 /* AppleApiCredentialsAPI.swift */ = {isa = PBXFileReference; fileEncoding = 4; lastKnownFileType = sourcecode.swift; path = AppleApiCredentialsAPI.swift; sourceTree = "<group>"; };
		3FE7B6B32707350E00A6D8E1 /* AddonsAPI.swift */ = {isa = PBXFileReference; fileEncoding = 4; lastKnownFileType = sourcecode.swift; path = AddonsAPI.swift; sourceTree = "<group>"; };
		3FE7B6B42707350E00A6D8E1 /* OutgoingWebhookAPI.swift */ = {isa = PBXFileReference; fileEncoding = 4; lastKnownFileType = sourcecode.swift; path = OutgoingWebhookAPI.swift; sourceTree = "<group>"; };
		3FE7B6B52707350E00A6D8E1 /* CodableHelper.swift */ = {isa = PBXFileReference; fileEncoding = 4; lastKnownFileType = sourcecode.swift; path = CodableHelper.swift; sourceTree = "<group>"; };
		3FE7B6B62707350E00A6D8E1 /* JSONEncodableEncoding.swift */ = {isa = PBXFileReference; fileEncoding = 4; lastKnownFileType = sourcecode.swift; path = JSONEncodableEncoding.swift; sourceTree = "<group>"; };
		3FE7B6B72707350E00A6D8E1 /* APIs.swift */ = {isa = PBXFileReference; fileEncoding = 4; lastKnownFileType = sourcecode.swift; path = APIs.swift; sourceTree = "<group>"; };
		3FE7B7212707350E00A6D8E1 /* JSONEncodingHelper.swift */ = {isa = PBXFileReference; fileEncoding = 4; lastKnownFileType = sourcecode.swift; path = JSONEncodingHelper.swift; sourceTree = "<group>"; };
		3FE7B7232707350E00A6D8E1 /* Configuration.swift */ = {isa = PBXFileReference; fileEncoding = 4; lastKnownFileType = sourcecode.swift; path = Configuration.swift; sourceTree = "<group>"; };
		3FF276162721AB1700701113 /* TokenFigmaScreenView.swift */ = {isa = PBXFileReference; lastKnownFileType = sourcecode.swift; path = TokenFigmaScreenView.swift; sourceTree = "<group>"; };
		42E34A8CEAD7D2C2589E44D1 /* Pods-Buildio (macOS).release.xcconfig */ = {isa = PBXFileReference; includeInIndex = 1; lastKnownFileType = text.xcconfig; name = "Pods-Buildio (macOS).release.xcconfig"; path = "Target Support Files/Pods-Buildio (macOS)/Pods-Buildio (macOS).release.xcconfig"; sourceTree = "<group>"; };
		604D3E8D15D060112DB459D5 /* Pods-Buildio (iOS).debug.xcconfig */ = {isa = PBXFileReference; includeInIndex = 1; lastKnownFileType = text.xcconfig; name = "Pods-Buildio (iOS).debug.xcconfig"; path = "Target Support Files/Pods-Buildio (iOS)/Pods-Buildio (iOS).debug.xcconfig"; sourceTree = "<group>"; };
		B1D2CC45787AF8F5E97DEF0C /* libPods-Buildio (macOS).a */ = {isa = PBXFileReference; explicitFileType = archive.ar; includeInIndex = 0; path = "libPods-Buildio (macOS).a"; sourceTree = BUILT_PRODUCTS_DIR; };
		F0BF57EFECF9AFC820E70F9A /* libPods-Buildio (iOS).a */ = {isa = PBXFileReference; explicitFileType = archive.ar; includeInIndex = 0; path = "libPods-Buildio (iOS).a"; sourceTree = BUILT_PRODUCTS_DIR; };
/* End PBXFileReference section */

/* Begin PBXFrameworksBuildPhase section */
		3FE7B54827072C1E00A6D8E1 /* Frameworks */ = {
			isa = PBXFrameworksBuildPhase;
			buildActionMask = 2147483647;
			files = (
				6258271CD3DFD6D0A3D67B3A /* libPods-Buildio (iOS).a in Frameworks */,
			);
			runOnlyForDeploymentPostprocessing = 0;
		};
		3FE7B54E27072C1E00A6D8E1 /* Frameworks */ = {
			isa = PBXFrameworksBuildPhase;
			buildActionMask = 2147483647;
			files = (
				81147B81F01A0549AFFB8BD7 /* libPods-Buildio (macOS).a in Frameworks */,
			);
			runOnlyForDeploymentPostprocessing = 0;
		};
/* End PBXFrameworksBuildPhase section */

/* Begin PBXGroup section */
		3F2BE9E0270CA0AD0051C910 /* Accounts */ = {
			isa = PBXGroup;
			children = (
				3F2BE9E1270CA0C00051C910 /* AccountsScreenView.swift */,
			);
			path = Accounts;
			sourceTree = "<group>";
		};
		3F70EBB92714E41700A4841E /* CustomViews */ = {
			isa = PBXGroup;
			children = (
				3F70EBBA2714E43600A4841E /* BTextField.swift */,
				3FD85D0D2721CAC200E894E8 /* SubmitButtonStyle.swift */,
				3FD85D132721D53600E894E8 /* ClearButton.swift */,
				3FD85D162721D84F00E894E8 /* PasteButton.swift */,
			);
			path = CustomViews;
			sourceTree = "<group>";
		};
		3F70EBBD2714EA9C00A4841E /* Additions */ = {
			isa = PBXGroup;
			children = (
				3F70EBBE2714EAAE00A4841E /* Color+Additions.swift */,
			);
			path = Additions;
			sourceTree = "<group>";
		};
		3FA5136C270B9D5100A5B881 /* Logger */ = {
			isa = PBXGroup;
			children = (
				3FA5136D270B9D6900A5B881 /* Logger.swift */,
			);
			path = Logger;
			sourceTree = "<group>";
		};
		3FCC4597270759880001A9C2 /* UI */ = {
			isa = PBXGroup;
			children = (
				3F70EBBD2714EA9C00A4841E /* Additions */,
				3F70EBB92714E41700A4841E /* CustomViews */,
				3FCC45C42707930E0001A9C2 /* BaseViewModel.swift */,
				3FD2FCA72724C7510093BE62 /* PagingViewModel.swift */,
				3FCC45C7270797E30001A9C2 /* BaseView.swift */,
				3FF276152721AAD400701113 /* Auth */,
				3F2BE9E0270CA0AD0051C910 /* Accounts */,
				3FD2FCAA2725E5420093BE62 /* Build */,
				3FCC45BD270791F80001A9C2 /* Builds */,
				3FCC45B627078DFA0001A9C2 /* Profile */,
				3FCC45B227078D130001A9C2 /* Navigation */,
				3FCC45A127075D170001A9C2 /* Coordinator.swift */,
				3FCC45A827075F690001A9C2 /* FullscreenLoadingView.swift */,
			);
			path = UI;
			sourceTree = "<group>";
		};
		3FCC45A427075ED40001A9C2 /* Additions */ = {
			isa = PBXGroup;
			children = (
				3FCC45A527075EDF0001A9C2 /* UserDefaults+Additions.swift */,
				3FD85D102721CF6F00E894E8 /* Color.swift */,
			);
			path = Additions;
			sourceTree = "<group>";
		};
		3FCC45AB2707672B0001A9C2 /* Coordinator */ = {
			isa = PBXGroup;
			children = (
				3FCC45AC270767370001A9C2 /* MainCoordinatorView.swift */,
				3FCC45AF270767480001A9C2 /* MainCoordinator.swift */,
			);
			path = Coordinator;
			sourceTree = "<group>";
		};
		3FCC45B227078D130001A9C2 /* Navigation */ = {
			isa = PBXGroup;
			children = (
				3FCC45B327078D250001A9C2 /* RootNavigationView.swift */,
				3F2BE9E4270CA5E00051C910 /* TabsScreenView.swift */,
			);
			path = Navigation;
			sourceTree = "<group>";
		};
		3FCC45B627078DFA0001A9C2 /* Profile */ = {
			isa = PBXGroup;
			children = (
				3FCC45B727078E040001A9C2 /* ProfileScreenView.swift */,
				3FCC45BA27078EB40001A9C2 /* ProfileViewModel.swift */,
			);
			path = Profile;
			sourceTree = "<group>";
		};
		3FCC45BD270791F80001A9C2 /* Builds */ = {
			isa = PBXGroup;
			children = (
				3FCC45BE2707923F0001A9C2 /* BuildsScreenView.swift */,
				3FCC45C12707924D0001A9C2 /* BuildsViewModel.swift */,
			);
			path = Builds;
			sourceTree = "<group>";
		};
		3FD2FCAA2725E5420093BE62 /* Build */ = {
			isa = PBXGroup;
			children = (
				3FD2FCAB2725E5520093BE62 /* BuildScreenView.swift */,
			);
			path = Build;
			sourceTree = "<group>";
		};
		3FE7B53E27072C1B00A6D8E1 = {
			isa = PBXGroup;
			children = (
				3FE7B69B2707350E00A6D8E1 /* SwaggerClient */,
				3FE7B54327072C1C00A6D8E1 /* Shared */,
				3FE7B55227072C1E00A6D8E1 /* macOS */,
				3FE7B54C27072C1E00A6D8E1 /* Products */,
				C01BF622C9E3A1CE1A4670B5 /* Pods */,
				4B393650991B721A466C562B /* Frameworks */,
			);
			sourceTree = "<group>";
		};
		3FE7B54327072C1C00A6D8E1 /* Shared */ = {
			isa = PBXGroup;
			children = (
				3FA5136C270B9D5100A5B881 /* Logger */,
				3FCC45AB2707672B0001A9C2 /* Coordinator */,
				3FCC45A427075ED40001A9C2 /* Additions */,
				3FCC4597270759880001A9C2 /* UI */,
				3FE7B54427072C1C00A6D8E1 /* BuildioApp.swift */,
				3FE7B54527072C1C00A6D8E1 /* ContentView.swift */,
				3FE7B54627072C1D00A6D8E1 /* Assets.xcassets */,
			);
			path = Shared;
			sourceTree = "<group>";
		};
		3FE7B54C27072C1E00A6D8E1 /* Products */ = {
			isa = PBXGroup;
			children = (
				3FE7B54B27072C1E00A6D8E1 /* Buildio.app */,
				3FE7B55127072C1E00A6D8E1 /* Buildio.app */,
			);
			name = Products;
			sourceTree = "<group>";
		};
		3FE7B55227072C1E00A6D8E1 /* macOS */ = {
			isa = PBXGroup;
			children = (
				3FE7B55327072C1E00A6D8E1 /* macOS.entitlements */,
			);
			path = macOS;
			sourceTree = "<group>";
		};
		3FE7B69B2707350E00A6D8E1 /* SwaggerClient */ = {
			isa = PBXGroup;
			children = (
				3FE7B69C2707350E00A6D8E1 /* Classes */,
			);
			path = SwaggerClient;
			sourceTree = "<group>";
		};
		3FE7B69C2707350E00A6D8E1 /* Classes */ = {
			isa = PBXGroup;
			children = (
				3FE7B69D2707350E00A6D8E1 /* Swaggers */,
			);
			path = Classes;
			sourceTree = "<group>";
		};
		3FE7B69D2707350E00A6D8E1 /* Swaggers */ = {
			isa = PBXGroup;
			children = (
				3FA51369270B777D00A5B881 /* URLSessionRequestBuilder.swift */,
				3FE7B69E2707350E00A6D8E1 /* APIHelper.swift */,
				3FE7B69F2707350E00A6D8E1 /* AlamofireImplementations.swift */,
				3FE7B6A02707350E00A6D8E1 /* JSONValue.swift */,
				3FE7B6A12707350E00A6D8E1 /* APIs */,
				3FE7B6B52707350E00A6D8E1 /* CodableHelper.swift */,
				3FE7B6B62707350E00A6D8E1 /* JSONEncodableEncoding.swift */,
				3FE7B6B72707350E00A6D8E1 /* APIs.swift */,
				3FE7B7212707350E00A6D8E1 /* JSONEncodingHelper.swift */,
				3FE7B7232707350E00A6D8E1 /* Configuration.swift */,
			);
			path = Swaggers;
			sourceTree = "<group>";
		};
		3FE7B6A12707350E00A6D8E1 /* APIs */ = {
			isa = PBXGroup;
			children = (
				3FE7B6A22707350E00A6D8E1 /* UserAPI.swift */,
				3FE7B6A32707350E00A6D8E1 /* AvatarCandidateAPI.swift */,
				3FE7B6A42707350E00A6D8E1 /* ProvisioningProfileAPI.swift */,
				3FE7B6A52707350E00A6D8E1 /* BuildCertificateAPI.swift */,
				3FE7B6A62707350E00A6D8E1 /* ActivityAPI.swift */,
				3FE7B6A72707350E00A6D8E1 /* AndroidKeystoreFileAPI.swift */,
				3FE7B6A82707350E00A6D8E1 /* BuildRequestAPI.swift */,
				3FE7B6A92707350E00A6D8E1 /* BuildsAPI.swift */,
				3FE7B6AA2707350E00A6D8E1 /* PipelinesAPI.swift */,
				3FE7B6AB2707350E00A6D8E1 /* AppSetupAPI.swift */,
				3FE7B6AC2707350E00A6D8E1 /* WebhookDeliveryItemAPI.swift */,
				3FE7B6AD2707350E00A6D8E1 /* BuildArtifactAPI.swift */,
				3FE7B6AE2707350E00A6D8E1 /* GenericProjectFileAPI.swift */,
				3FE7B6AF2707350E00A6D8E1 /* OrganizationsAPI.swift */,
				3FE7B6B02707350E00A6D8E1 /* ApplicationAPI.swift */,
				3FE7B6B12707350E00A6D8E1 /* TestDevicesAPI.swift */,
				3FE7B6B22707350E00A6D8E1 /* AppleApiCredentialsAPI.swift */,
				3FE7B6B32707350E00A6D8E1 /* AddonsAPI.swift */,
				3FE7B6B42707350E00A6D8E1 /* OutgoingWebhookAPI.swift */,
			);
			path = APIs;
			sourceTree = "<group>";
		};
		3FF276152721AAD400701113 /* Auth */ = {
			isa = PBXGroup;
			children = (
				3FCC459B27075AE80001A9C2 /* TokenScreenView.swift */,
				3FF276162721AB1700701113 /* TokenFigmaScreenView.swift */,
			);
			path = Auth;
			sourceTree = "<group>";
		};
		4B393650991B721A466C562B /* Frameworks */ = {
			isa = PBXGroup;
			children = (
				F0BF57EFECF9AFC820E70F9A /* libPods-Buildio (iOS).a */,
				B1D2CC45787AF8F5E97DEF0C /* libPods-Buildio (macOS).a */,
			);
			name = Frameworks;
			sourceTree = "<group>";
		};
		C01BF622C9E3A1CE1A4670B5 /* Pods */ = {
			isa = PBXGroup;
			children = (
				604D3E8D15D060112DB459D5 /* Pods-Buildio (iOS).debug.xcconfig */,
				02BC01504528BADE88AE233D /* Pods-Buildio (iOS).release.xcconfig */,
				02A045F883245F19B2236D5A /* Pods-Buildio (macOS).debug.xcconfig */,
				42E34A8CEAD7D2C2589E44D1 /* Pods-Buildio (macOS).release.xcconfig */,
			);
			path = Pods;
			sourceTree = "<group>";
		};
/* End PBXGroup section */

/* Begin PBXNativeTarget section */
		3FE7B54A27072C1E00A6D8E1 /* Buildio (iOS) */ = {
			isa = PBXNativeTarget;
			buildConfigurationList = 3FE7B55C27072C1E00A6D8E1 /* Build configuration list for PBXNativeTarget "Buildio (iOS)" */;
			buildPhases = (
				9DF9C2BE7A78595F0658A6DD /* [CP] Check Pods Manifest.lock */,
				3FE7B54727072C1E00A6D8E1 /* Sources */,
				3FE7B54827072C1E00A6D8E1 /* Frameworks */,
				3FE7B54927072C1E00A6D8E1 /* Resources */,
			);
			buildRules = (
			);
			dependencies = (
			);
			name = "Buildio (iOS)";
			productName = "Buildio (iOS)";
			productReference = 3FE7B54B27072C1E00A6D8E1 /* Buildio.app */;
			productType = "com.apple.product-type.application";
		};
		3FE7B55027072C1E00A6D8E1 /* Buildio (macOS) */ = {
			isa = PBXNativeTarget;
			buildConfigurationList = 3FE7B55F27072C1E00A6D8E1 /* Build configuration list for PBXNativeTarget "Buildio (macOS)" */;
			buildPhases = (
				2B209C1A90F9BB69372C24E8 /* [CP] Check Pods Manifest.lock */,
				3FE7B54D27072C1E00A6D8E1 /* Sources */,
				3FE7B54E27072C1E00A6D8E1 /* Frameworks */,
				3FE7B54F27072C1E00A6D8E1 /* Resources */,
			);
			buildRules = (
			);
			dependencies = (
			);
			name = "Buildio (macOS)";
			productName = "Buildio (macOS)";
			productReference = 3FE7B55127072C1E00A6D8E1 /* Buildio.app */;
			productType = "com.apple.product-type.application";
		};
/* End PBXNativeTarget section */

/* Begin PBXProject section */
		3FE7B53F27072C1B00A6D8E1 /* Project object */ = {
			isa = PBXProject;
			attributes = {
				BuildIndependentTargetsInParallel = 1;
				LastSwiftUpdateCheck = 1300;
				LastUpgradeCheck = 1300;
				TargetAttributes = {
					3FE7B54A27072C1E00A6D8E1 = {
						CreatedOnToolsVersion = 13.0;
					};
					3FE7B55027072C1E00A6D8E1 = {
						CreatedOnToolsVersion = 13.0;
					};
				};
			};
			buildConfigurationList = 3FE7B54227072C1B00A6D8E1 /* Build configuration list for PBXProject "Buildio" */;
			compatibilityVersion = "Xcode 13.0";
			developmentRegion = en;
			hasScannedForEncodings = 0;
			knownRegions = (
				en,
				Base,
			);
			mainGroup = 3FE7B53E27072C1B00A6D8E1;
			productRefGroup = 3FE7B54C27072C1E00A6D8E1 /* Products */;
			projectDirPath = "";
			projectRoot = "";
			targets = (
				3FE7B54A27072C1E00A6D8E1 /* Buildio (iOS) */,
				3FE7B55027072C1E00A6D8E1 /* Buildio (macOS) */,
			);
		};
/* End PBXProject section */

/* Begin PBXResourcesBuildPhase section */
		3FE7B54927072C1E00A6D8E1 /* Resources */ = {
			isa = PBXResourcesBuildPhase;
			buildActionMask = 2147483647;
			files = (
				3FE7B55827072C1E00A6D8E1 /* Assets.xcassets in Resources */,
			);
			runOnlyForDeploymentPostprocessing = 0;
		};
		3FE7B54F27072C1E00A6D8E1 /* Resources */ = {
			isa = PBXResourcesBuildPhase;
			buildActionMask = 2147483647;
			files = (
				3FE7B55927072C1E00A6D8E1 /* Assets.xcassets in Resources */,
			);
			runOnlyForDeploymentPostprocessing = 0;
		};
/* End PBXResourcesBuildPhase section */

/* Begin PBXShellScriptBuildPhase section */
		2B209C1A90F9BB69372C24E8 /* [CP] Check Pods Manifest.lock */ = {
			isa = PBXShellScriptBuildPhase;
			buildActionMask = 2147483647;
			files = (
			);
			inputFileListPaths = (
			);
			inputPaths = (
				"${PODS_PODFILE_DIR_PATH}/Podfile.lock",
				"${PODS_ROOT}/Manifest.lock",
			);
			name = "[CP] Check Pods Manifest.lock";
			outputFileListPaths = (
			);
			outputPaths = (
				"$(DERIVED_FILE_DIR)/Pods-Buildio (macOS)-checkManifestLockResult.txt",
			);
			runOnlyForDeploymentPostprocessing = 0;
			shellPath = /bin/sh;
			shellScript = "diff \"${PODS_PODFILE_DIR_PATH}/Podfile.lock\" \"${PODS_ROOT}/Manifest.lock\" > /dev/null\nif [ $? != 0 ] ; then\n    # print error to STDERR\n    echo \"error: The sandbox is not in sync with the Podfile.lock. Run 'pod install' or update your CocoaPods installation.\" >&2\n    exit 1\nfi\n# This output is used by Xcode 'outputs' to avoid re-running this script phase.\necho \"SUCCESS\" > \"${SCRIPT_OUTPUT_FILE_0}\"\n";
			showEnvVarsInLog = 0;
		};
		9DF9C2BE7A78595F0658A6DD /* [CP] Check Pods Manifest.lock */ = {
			isa = PBXShellScriptBuildPhase;
			buildActionMask = 2147483647;
			files = (
			);
			inputFileListPaths = (
			);
			inputPaths = (
				"${PODS_PODFILE_DIR_PATH}/Podfile.lock",
				"${PODS_ROOT}/Manifest.lock",
			);
			name = "[CP] Check Pods Manifest.lock";
			outputFileListPaths = (
			);
			outputPaths = (
				"$(DERIVED_FILE_DIR)/Pods-Buildio (iOS)-checkManifestLockResult.txt",
			);
			runOnlyForDeploymentPostprocessing = 0;
			shellPath = /bin/sh;
			shellScript = "diff \"${PODS_PODFILE_DIR_PATH}/Podfile.lock\" \"${PODS_ROOT}/Manifest.lock\" > /dev/null\nif [ $? != 0 ] ; then\n    # print error to STDERR\n    echo \"error: The sandbox is not in sync with the Podfile.lock. Run 'pod install' or update your CocoaPods installation.\" >&2\n    exit 1\nfi\n# This output is used by Xcode 'outputs' to avoid re-running this script phase.\necho \"SUCCESS\" > \"${SCRIPT_OUTPUT_FILE_0}\"\n";
			showEnvVarsInLog = 0;
		};
/* End PBXShellScriptBuildPhase section */

/* Begin PBXSourcesBuildPhase section */
		3FE7B54727072C1E00A6D8E1 /* Sources */ = {
			isa = PBXSourcesBuildPhase;
			buildActionMask = 2147483647;
			files = (
				3FE7B7392707350E00A6D8E1 /* OutgoingWebhookAPI.swift in Sources */,
				3FE7B7382707350E00A6D8E1 /* AddonsAPI.swift in Sources */,
				3FE7B72C2707350E00A6D8E1 /* AndroidKeystoreFileAPI.swift in Sources */,
				3FCC45AD270767370001A9C2 /* MainCoordinatorView.swift in Sources */,
				3F2BE9E5270CA5E00051C910 /* TabsScreenView.swift in Sources */,
				3FE7B7342707350E00A6D8E1 /* OrganizationsAPI.swift in Sources */,
				3FE7B7362707350E00A6D8E1 /* TestDevicesAPI.swift in Sources */,
				3FE7B7242707350E00A6D8E1 /* APIHelper.swift in Sources */,
				3FE7B7292707350E00A6D8E1 /* ProvisioningProfileAPI.swift in Sources */,
				3F2BE9E2270CA0C00051C910 /* AccountsScreenView.swift in Sources */,
				3FCC45B427078D250001A9C2 /* RootNavigationView.swift in Sources */,
				3FD2FCAC2725E5520093BE62 /* BuildScreenView.swift in Sources */,
				3FF276172721AB1700701113 /* TokenFigmaScreenView.swift in Sources */,
				3FCC45C8270797E30001A9C2 /* BaseView.swift in Sources */,
				3FCC45B827078E040001A9C2 /* ProfileScreenView.swift in Sources */,
				3FCC45C22707924D0001A9C2 /* BuildsViewModel.swift in Sources */,
				3FE7B7312707350E00A6D8E1 /* WebhookDeliveryItemAPI.swift in Sources */,
				3FE7B55627072C1E00A6D8E1 /* ContentView.swift in Sources */,
				3FE7B7322707350E00A6D8E1 /* BuildArtifactAPI.swift in Sources */,
				3FE7B7A72707350E00A6D8E1 /* Configuration.swift in Sources */,
				3FCC45A627075EDF0001A9C2 /* UserDefaults+Additions.swift in Sources */,
				3FCC45A227075D170001A9C2 /* Coordinator.swift in Sources */,
				3FCC45B0270767480001A9C2 /* MainCoordinator.swift in Sources */,
				3FE7B7332707350E00A6D8E1 /* GenericProjectFileAPI.swift in Sources */,
				3FD85D0E2721CAC200E894E8 /* SubmitButtonStyle.swift in Sources */,
				3FCC45BB27078EB40001A9C2 /* ProfileViewModel.swift in Sources */,
				3F70EBBB2714E43600A4841E /* BTextField.swift in Sources */,
				3FE7B7302707350E00A6D8E1 /* AppSetupAPI.swift in Sources */,
				3F70EBBF2714EAAE00A4841E /* Color+Additions.swift in Sources */,
				3FD85D1A27221A3C00E894E8 /* BuildRowView.swift in Sources */,
				3FD2FCA82724C7520093BE62 /* PagingViewModel.swift in Sources */,
				3FE7B7252707350E00A6D8E1 /* AlamofireImplementations.swift in Sources */,
				3FD85D142721D53600E894E8 /* ClearButton.swift in Sources */,
				3FE7B55427072C1E00A6D8E1 /* BuildioApp.swift in Sources */,
				3FE7B72B2707350E00A6D8E1 /* ActivityAPI.swift in Sources */,
				3FE7B7262707350E00A6D8E1 /* JSONValue.swift in Sources */,
				3FCC45C52707930E0001A9C2 /* BaseViewModel.swift in Sources */,
				3FE7B73C2707350E00A6D8E1 /* APIs.swift in Sources */,
				3FE7B7352707350E00A6D8E1 /* ApplicationAPI.swift in Sources */,
				3FE7B7372707350E00A6D8E1 /* AppleApiCredentialsAPI.swift in Sources */,
				3FCC45BF2707923F0001A9C2 /* BuildsScreenView.swift in Sources */,
				3FE7B72A2707350E00A6D8E1 /* BuildCertificateAPI.swift in Sources */,
				3FD85D112721CF6F00E894E8 /* Color.swift in Sources */,
				3FE7B7282707350E00A6D8E1 /* AvatarCandidateAPI.swift in Sources */,
				3FE7B73B2707350E00A6D8E1 /* JSONEncodableEncoding.swift in Sources */,
				3FE7B72F2707350E00A6D8E1 /* PipelinesAPI.swift in Sources */,
				3FA5136E270B9D6900A5B881 /* Logger.swift in Sources */,
				3FE7B7272707350E00A6D8E1 /* UserAPI.swift in Sources */,
				3FCC459C27075AE80001A9C2 /* TokenScreenView.swift in Sources */,
				3FE7B72D2707350E00A6D8E1 /* BuildRequestAPI.swift in Sources */,
				3FE7B7A52707350E00A6D8E1 /* JSONEncodingHelper.swift in Sources */,
				3FE7B73A2707350E00A6D8E1 /* CodableHelper.swift in Sources */,
				3FE7B72E2707350E00A6D8E1 /* BuildsAPI.swift in Sources */,
				3FD85D172721D84F00E894E8 /* PasteButton.swift in Sources */,
				3FCC45A927075F690001A9C2 /* FullscreenLoadingView.swift in Sources */,
				3FA5136A270B777D00A5B881 /* URLSessionRequestBuilder.swift in Sources */,
			);
			runOnlyForDeploymentPostprocessing = 0;
		};
		3FE7B54D27072C1E00A6D8E1 /* Sources */ = {
			isa = PBXSourcesBuildPhase;
			buildActionMask = 2147483647;
			files = (
				3F2BE9C5270C998E0051C910 /* APIHelper.swift in Sources */,
				3FA5136B270B777D00A5B881 /* URLSessionRequestBuilder.swift in Sources */,
				3FCC45AE270767370001A9C2 /* MainCoordinatorView.swift in Sources */,
				3F2BE9D2270C99B20051C910 /* WebhookDeliveryItemAPI.swift in Sources */,
				3F2BE9E6270CA5E00051C910 /* TabsScreenView.swift in Sources */,
				3F2BE9D8270C99C20051C910 /* AppleApiCredentialsAPI.swift in Sources */,
				3FCC45C32707924D0001A9C2 /* BuildsViewModel.swift in Sources */,
				3F2BE9DE270C99D10051C910 /* JSONEncodingHelper.swift in Sources */,
				3F2BE9DA270C99C70051C910 /* OutgoingWebhookAPI.swift in Sources */,
				3F2BE9E3270CA0C00051C910 /* AccountsScreenView.swift in Sources */,
				3F2BE9D1270C99B00051C910 /* AppSetupAPI.swift in Sources */,
				3FD2FCAD2725E5520093BE62 /* BuildScreenView.swift in Sources */,
				3FF276182721AB1700701113 /* TokenFigmaScreenView.swift in Sources */,
				3F2BE9DB270C99CA0051C910 /* CodableHelper.swift in Sources */,
				3F2BE9DF270C99D40051C910 /* Configuration.swift in Sources */,
				3F2BE9D9270C99C50051C910 /* AddonsAPI.swift in Sources */,
				3F2BE9DC270C99CC0051C910 /* JSONEncodableEncoding.swift in Sources */,
				3FE7B55727072C1E00A6D8E1 /* ContentView.swift in Sources */,
				3F2BE9CC270C99A30051C910 /* ActivityAPI.swift in Sources */,
				3F2BE9D7270C99C00051C910 /* TestDevicesAPI.swift in Sources */,
				3F2BE9C6270C99910051C910 /* AlamofireImplementations.swift in Sources */,
				3F2BE9D3270C99B50051C910 /* BuildArtifactAPI.swift in Sources */,
				3FCC45C62707930E0001A9C2 /* BaseViewModel.swift in Sources */,
				3FCC45B927078E040001A9C2 /* ProfileScreenView.swift in Sources */,
				3FD85D0F2721CAC200E894E8 /* SubmitButtonStyle.swift in Sources */,
				3FCC45A327075D170001A9C2 /* Coordinator.swift in Sources */,
				3F70EBBC2714E43600A4841E /* BTextField.swift in Sources */,
				3F2BE9CD270C99A50051C910 /* AndroidKeystoreFileAPI.swift in Sources */,
				3F70EBC02714EAAE00A4841E /* Color+Additions.swift in Sources */,
				3FD85D1B27221A3C00E894E8 /* BuildRowView.swift in Sources */,
				3FD2FCA92724C7520093BE62 /* PagingViewModel.swift in Sources */,
				3F2BE9CB270C99A00051C910 /* BuildCertificateAPI.swift in Sources */,
				3FD85D152721D53600E894E8 /* ClearButton.swift in Sources */,
				3F2BE9C7270C99940051C910 /* JSONValue.swift in Sources */,
				3F2BE9DD270C99CF0051C910 /* APIs.swift in Sources */,
				3FCC45B527078D250001A9C2 /* RootNavigationView.swift in Sources */,
				3F2BE9D5270C99BA0051C910 /* OrganizationsAPI.swift in Sources */,
				3FA5136F270B9D6900A5B881 /* Logger.swift in Sources */,
				3FCC45C02707923F0001A9C2 /* BuildsScreenView.swift in Sources */,
				3FE7B55527072C1E00A6D8E1 /* BuildioApp.swift in Sources */,
				3F2BE9D0270C99AD0051C910 /* PipelinesAPI.swift in Sources */,
				3F2BE9CE270C99A80051C910 /* BuildRequestAPI.swift in Sources */,
				3FD85D122721CF6F00E894E8 /* Color.swift in Sources */,
				3F2BE9D6270C99BD0051C910 /* ApplicationAPI.swift in Sources */,
				3FCC45A727075EDF0001A9C2 /* UserDefaults+Additions.swift in Sources */,
				3F2BE9C9270C999B0051C910 /* AvatarCandidateAPI.swift in Sources */,
				3F2BE9D4270C99B80051C910 /* GenericProjectFileAPI.swift in Sources */,
				3F2BE9CA270C999D0051C910 /* ProvisioningProfileAPI.swift in Sources */,
				3FCC45BC27078EB40001A9C2 /* ProfileViewModel.swift in Sources */,
				3FCC459D27075AE80001A9C2 /* TokenScreenView.swift in Sources */,
				3FCC45C9270797E30001A9C2 /* BaseView.swift in Sources */,
				3FCC45B1270767480001A9C2 /* MainCoordinator.swift in Sources */,
				3FCC45AA27075F690001A9C2 /* FullscreenLoadingView.swift in Sources */,
				3FD85D182721D84F00E894E8 /* PasteButton.swift in Sources */,
				3F2BE9C8270C99980051C910 /* UserAPI.swift in Sources */,
				3F2BE9CF270C99AA0051C910 /* BuildsAPI.swift in Sources */,
			);
			runOnlyForDeploymentPostprocessing = 0;
		};
/* End PBXSourcesBuildPhase section */

/* Begin XCBuildConfiguration section */
		3FE7B55A27072C1E00A6D8E1 /* Debug */ = {
			isa = XCBuildConfiguration;
			buildSettings = {
				ALWAYS_SEARCH_USER_PATHS = NO;
				CLANG_ANALYZER_NONNULL = YES;
				CLANG_ANALYZER_NUMBER_OBJECT_CONVERSION = YES_AGGRESSIVE;
				CLANG_CXX_LANGUAGE_STANDARD = "gnu++17";
				CLANG_CXX_LIBRARY = "libc++";
				CLANG_ENABLE_MODULES = YES;
				CLANG_ENABLE_OBJC_ARC = YES;
				CLANG_ENABLE_OBJC_WEAK = YES;
				CLANG_WARN_BLOCK_CAPTURE_AUTORELEASING = YES;
				CLANG_WARN_BOOL_CONVERSION = YES;
				CLANG_WARN_COMMA = YES;
				CLANG_WARN_CONSTANT_CONVERSION = YES;
				CLANG_WARN_DEPRECATED_OBJC_IMPLEMENTATIONS = YES;
				CLANG_WARN_DIRECT_OBJC_ISA_USAGE = YES_ERROR;
				CLANG_WARN_DOCUMENTATION_COMMENTS = YES;
				CLANG_WARN_EMPTY_BODY = YES;
				CLANG_WARN_ENUM_CONVERSION = YES;
				CLANG_WARN_INFINITE_RECURSION = YES;
				CLANG_WARN_INT_CONVERSION = YES;
				CLANG_WARN_NON_LITERAL_NULL_CONVERSION = YES;
				CLANG_WARN_OBJC_IMPLICIT_RETAIN_SELF = YES;
				CLANG_WARN_OBJC_LITERAL_CONVERSION = YES;
				CLANG_WARN_OBJC_ROOT_CLASS = YES_ERROR;
				CLANG_WARN_QUOTED_INCLUDE_IN_FRAMEWORK_HEADER = YES;
				CLANG_WARN_RANGE_LOOP_ANALYSIS = YES;
				CLANG_WARN_STRICT_PROTOTYPES = YES;
				CLANG_WARN_SUSPICIOUS_MOVE = YES;
				CLANG_WARN_UNGUARDED_AVAILABILITY = YES_AGGRESSIVE;
				CLANG_WARN_UNREACHABLE_CODE = YES;
				CLANG_WARN__DUPLICATE_METHOD_MATCH = YES;
				COPY_PHASE_STRIP = NO;
				DEBUG_INFORMATION_FORMAT = dwarf;
				ENABLE_STRICT_OBJC_MSGSEND = YES;
				ENABLE_TESTABILITY = YES;
				GCC_C_LANGUAGE_STANDARD = gnu11;
				GCC_DYNAMIC_NO_PIC = NO;
				GCC_NO_COMMON_BLOCKS = YES;
				GCC_OPTIMIZATION_LEVEL = 0;
				GCC_PREPROCESSOR_DEFINITIONS = (
					"DEBUG=1",
					"$(inherited)",
				);
				GCC_WARN_64_TO_32_BIT_CONVERSION = YES;
				GCC_WARN_ABOUT_RETURN_TYPE = YES_ERROR;
				GCC_WARN_UNDECLARED_SELECTOR = YES;
				GCC_WARN_UNINITIALIZED_AUTOS = YES_AGGRESSIVE;
				GCC_WARN_UNUSED_FUNCTION = YES;
				GCC_WARN_UNUSED_VARIABLE = YES;
				IPHONEOS_DEPLOYMENT_TARGET = 14.0;
				MACOSX_DEPLOYMENT_TARGET = 10.15;
				MTL_ENABLE_DEBUG_INFO = INCLUDE_SOURCE;
				MTL_FAST_MATH = YES;
				ONLY_ACTIVE_ARCH = YES;
				SWIFT_ACTIVE_COMPILATION_CONDITIONS = DEBUG;
				SWIFT_OPTIMIZATION_LEVEL = "-Onone";
			};
			name = Debug;
		};
		3FE7B55B27072C1E00A6D8E1 /* Release */ = {
			isa = XCBuildConfiguration;
			buildSettings = {
				ALWAYS_SEARCH_USER_PATHS = NO;
				CLANG_ANALYZER_NONNULL = YES;
				CLANG_ANALYZER_NUMBER_OBJECT_CONVERSION = YES_AGGRESSIVE;
				CLANG_CXX_LANGUAGE_STANDARD = "gnu++17";
				CLANG_CXX_LIBRARY = "libc++";
				CLANG_ENABLE_MODULES = YES;
				CLANG_ENABLE_OBJC_ARC = YES;
				CLANG_ENABLE_OBJC_WEAK = YES;
				CLANG_WARN_BLOCK_CAPTURE_AUTORELEASING = YES;
				CLANG_WARN_BOOL_CONVERSION = YES;
				CLANG_WARN_COMMA = YES;
				CLANG_WARN_CONSTANT_CONVERSION = YES;
				CLANG_WARN_DEPRECATED_OBJC_IMPLEMENTATIONS = YES;
				CLANG_WARN_DIRECT_OBJC_ISA_USAGE = YES_ERROR;
				CLANG_WARN_DOCUMENTATION_COMMENTS = YES;
				CLANG_WARN_EMPTY_BODY = YES;
				CLANG_WARN_ENUM_CONVERSION = YES;
				CLANG_WARN_INFINITE_RECURSION = YES;
				CLANG_WARN_INT_CONVERSION = YES;
				CLANG_WARN_NON_LITERAL_NULL_CONVERSION = YES;
				CLANG_WARN_OBJC_IMPLICIT_RETAIN_SELF = YES;
				CLANG_WARN_OBJC_LITERAL_CONVERSION = YES;
				CLANG_WARN_OBJC_ROOT_CLASS = YES_ERROR;
				CLANG_WARN_QUOTED_INCLUDE_IN_FRAMEWORK_HEADER = YES;
				CLANG_WARN_RANGE_LOOP_ANALYSIS = YES;
				CLANG_WARN_STRICT_PROTOTYPES = YES;
				CLANG_WARN_SUSPICIOUS_MOVE = YES;
				CLANG_WARN_UNGUARDED_AVAILABILITY = YES_AGGRESSIVE;
				CLANG_WARN_UNREACHABLE_CODE = YES;
				CLANG_WARN__DUPLICATE_METHOD_MATCH = YES;
				COPY_PHASE_STRIP = NO;
				DEBUG_INFORMATION_FORMAT = "dwarf-with-dsym";
				ENABLE_NS_ASSERTIONS = NO;
				ENABLE_STRICT_OBJC_MSGSEND = YES;
				GCC_C_LANGUAGE_STANDARD = gnu11;
				GCC_NO_COMMON_BLOCKS = YES;
				GCC_WARN_64_TO_32_BIT_CONVERSION = YES;
				GCC_WARN_ABOUT_RETURN_TYPE = YES_ERROR;
				GCC_WARN_UNDECLARED_SELECTOR = YES;
				GCC_WARN_UNINITIALIZED_AUTOS = YES_AGGRESSIVE;
				GCC_WARN_UNUSED_FUNCTION = YES;
				GCC_WARN_UNUSED_VARIABLE = YES;
				IPHONEOS_DEPLOYMENT_TARGET = 14.0;
				MACOSX_DEPLOYMENT_TARGET = 10.15;
				MTL_ENABLE_DEBUG_INFO = NO;
				MTL_FAST_MATH = YES;
				SWIFT_COMPILATION_MODE = wholemodule;
				SWIFT_OPTIMIZATION_LEVEL = "-O";
			};
			name = Release;
		};
		3FE7B55D27072C1E00A6D8E1 /* Debug */ = {
			isa = XCBuildConfiguration;
			baseConfigurationReference = 604D3E8D15D060112DB459D5 /* Pods-Buildio (iOS).debug.xcconfig */;
			buildSettings = {
				ASSETCATALOG_COMPILER_APPICON_NAME = AppIcon;
				ASSETCATALOG_COMPILER_GLOBAL_ACCENT_COLOR_NAME = AccentColor;
				CODE_SIGN_STYLE = Automatic;
				CURRENT_PROJECT_VERSION = 1;
				DEVELOPMENT_TEAM = 6C4646EB2U;
				ENABLE_PREVIEWS = YES;
				GENERATE_INFOPLIST_FILE = YES;
				INFOPLIST_KEY_UIApplicationSceneManifest_Generation = YES;
				INFOPLIST_KEY_UIApplicationSupportsIndirectInputEvents = YES;
				INFOPLIST_KEY_UILaunchScreen_Generation = YES;
				INFOPLIST_KEY_UISupportedInterfaceOrientations_iPad = "UIInterfaceOrientationPortrait UIInterfaceOrientationPortraitUpsideDown UIInterfaceOrientationLandscapeLeft UIInterfaceOrientationLandscapeRight";
				INFOPLIST_KEY_UISupportedInterfaceOrientations_iPhone = "UIInterfaceOrientationPortrait UIInterfaceOrientationLandscapeLeft UIInterfaceOrientationLandscapeRight";
				LD_RUNPATH_SEARCH_PATHS = (
					"$(inherited)",
					"@executable_path/Frameworks",
				);
				MARKETING_VERSION = 1.0;
				PRODUCT_BUNDLE_IDENTIFIER = com.home1.Buildio;
				PRODUCT_NAME = Buildio;
				SDKROOT = iphoneos;
				SWIFT_EMIT_LOC_STRINGS = YES;
				SWIFT_VERSION = 5.0;
				TARGETED_DEVICE_FAMILY = "1,2";
			};
			name = Debug;
		};
		3FE7B55E27072C1E00A6D8E1 /* Release */ = {
			isa = XCBuildConfiguration;
			baseConfigurationReference = 02BC01504528BADE88AE233D /* Pods-Buildio (iOS).release.xcconfig */;
			buildSettings = {
				ASSETCATALOG_COMPILER_APPICON_NAME = AppIcon;
				ASSETCATALOG_COMPILER_GLOBAL_ACCENT_COLOR_NAME = AccentColor;
				CODE_SIGN_STYLE = Automatic;
				CURRENT_PROJECT_VERSION = 1;
				DEVELOPMENT_TEAM = 6C4646EB2U;
				ENABLE_PREVIEWS = YES;
				GENERATE_INFOPLIST_FILE = YES;
				INFOPLIST_KEY_UIApplicationSceneManifest_Generation = YES;
				INFOPLIST_KEY_UIApplicationSupportsIndirectInputEvents = YES;
				INFOPLIST_KEY_UILaunchScreen_Generation = YES;
				INFOPLIST_KEY_UISupportedInterfaceOrientations_iPad = "UIInterfaceOrientationPortrait UIInterfaceOrientationPortraitUpsideDown UIInterfaceOrientationLandscapeLeft UIInterfaceOrientationLandscapeRight";
				INFOPLIST_KEY_UISupportedInterfaceOrientations_iPhone = "UIInterfaceOrientationPortrait UIInterfaceOrientationLandscapeLeft UIInterfaceOrientationLandscapeRight";
				LD_RUNPATH_SEARCH_PATHS = (
					"$(inherited)",
					"@executable_path/Frameworks",
				);
				MARKETING_VERSION = 1.0;
				PRODUCT_BUNDLE_IDENTIFIER = com.home1.Buildio;
				PRODUCT_NAME = Buildio;
				SDKROOT = iphoneos;
				SWIFT_EMIT_LOC_STRINGS = YES;
				SWIFT_VERSION = 5.0;
				TARGETED_DEVICE_FAMILY = "1,2";
				VALIDATE_PRODUCT = YES;
			};
			name = Release;
		};
		3FE7B56027072C1E00A6D8E1 /* Debug */ = {
			isa = XCBuildConfiguration;
			baseConfigurationReference = 02A045F883245F19B2236D5A /* Pods-Buildio (macOS).debug.xcconfig */;
			buildSettings = {
				ASSETCATALOG_COMPILER_APPICON_NAME = AppIcon;
				ASSETCATALOG_COMPILER_GLOBAL_ACCENT_COLOR_NAME = AccentColor;
				CODE_SIGN_ENTITLEMENTS = macOS/macOS.entitlements;
				CODE_SIGN_IDENTITY = "Apple Development";
				CODE_SIGN_STYLE = Automatic;
				COMBINE_HIDPI_IMAGES = YES;
				CURRENT_PROJECT_VERSION = 1;
				DEVELOPMENT_TEAM = 6C4646EB2U;
				ENABLE_HARDENED_RUNTIME = YES;
				ENABLE_PREVIEWS = YES;
				GENERATE_INFOPLIST_FILE = YES;
				INFOPLIST_KEY_NSHumanReadableCopyright = "";
				LD_RUNPATH_SEARCH_PATHS = (
					"$(inherited)",
					"@executable_path/../Frameworks",
				);
				MACOSX_DEPLOYMENT_TARGET = 11.0;
				MARKETING_VERSION = 1.0;
				PRODUCT_BUNDLE_IDENTIFIER = com.home.Buildio;
				PRODUCT_NAME = Buildio;
				SDKROOT = macosx;
				SWIFT_EMIT_LOC_STRINGS = YES;
				SWIFT_VERSION = 5.0;
			};
			name = Debug;
		};
		3FE7B56127072C1E00A6D8E1 /* Release */ = {
			isa = XCBuildConfiguration;
			baseConfigurationReference = 42E34A8CEAD7D2C2589E44D1 /* Pods-Buildio (macOS).release.xcconfig */;
			buildSettings = {
				ASSETCATALOG_COMPILER_APPICON_NAME = AppIcon;
				ASSETCATALOG_COMPILER_GLOBAL_ACCENT_COLOR_NAME = AccentColor;
				CODE_SIGN_ENTITLEMENTS = macOS/macOS.entitlements;
				CODE_SIGN_IDENTITY = "-";
				CODE_SIGN_STYLE = Automatic;
				COMBINE_HIDPI_IMAGES = YES;
				CURRENT_PROJECT_VERSION = 1;
				DEVELOPMENT_TEAM = 6C4646EB2U;
				ENABLE_HARDENED_RUNTIME = YES;
				ENABLE_PREVIEWS = YES;
				GENERATE_INFOPLIST_FILE = YES;
				INFOPLIST_KEY_NSHumanReadableCopyright = "";
				LD_RUNPATH_SEARCH_PATHS = (
					"$(inherited)",
					"@executable_path/../Frameworks",
				);
				MACOSX_DEPLOYMENT_TARGET = 11.0;
				MARKETING_VERSION = 1.0;
				PRODUCT_BUNDLE_IDENTIFIER = com.home.Buildio;
				PRODUCT_NAME = Buildio;
				SDKROOT = macosx;
				SWIFT_EMIT_LOC_STRINGS = YES;
				SWIFT_VERSION = 5.0;
			};
			name = Release;
		};
/* End XCBuildConfiguration section */

/* Begin XCConfigurationList section */
		3FE7B54227072C1B00A6D8E1 /* Build configuration list for PBXProject "Buildio" */ = {
			isa = XCConfigurationList;
			buildConfigurations = (
				3FE7B55A27072C1E00A6D8E1 /* Debug */,
				3FE7B55B27072C1E00A6D8E1 /* Release */,
			);
			defaultConfigurationIsVisible = 0;
			defaultConfigurationName = Release;
		};
		3FE7B55C27072C1E00A6D8E1 /* Build configuration list for PBXNativeTarget "Buildio (iOS)" */ = {
			isa = XCConfigurationList;
			buildConfigurations = (
				3FE7B55D27072C1E00A6D8E1 /* Debug */,
				3FE7B55E27072C1E00A6D8E1 /* Release */,
			);
			defaultConfigurationIsVisible = 0;
			defaultConfigurationName = Release;
		};
		3FE7B55F27072C1E00A6D8E1 /* Build configuration list for PBXNativeTarget "Buildio (macOS)" */ = {
			isa = XCConfigurationList;
			buildConfigurations = (
				3FE7B56027072C1E00A6D8E1 /* Debug */,
				3FE7B56127072C1E00A6D8E1 /* Release */,
			);
			defaultConfigurationIsVisible = 0;
			defaultConfigurationName = Release;
		};
/* End XCConfigurationList section */
	};
	rootObject = 3FE7B53F27072C1B00A6D8E1 /* Project object */;
}
