// !$*UTF8*$!
{
	archiveVersion = 1;
	classes = {
	};
	objectVersion = 55;
	objects = {

/* Begin PBXBuildFile section */
		3F3E6B9527A5A9200087E002 /* ContentView.swift in Sources */ = {isa = PBXBuildFile; fileRef = 3F3E6B9427A5A9200087E002 /* ContentView.swift */; };
		3F3E6B9727A5A9210087E002 /* Assets.xcassets in Resources */ = {isa = PBXBuildFile; fileRef = 3F3E6B9627A5A9210087E002 /* Assets.xcassets */; };
		3F3E6B9A27A5A9210087E002 /* Preview Assets.xcassets in Resources */ = {isa = PBXBuildFile; fileRef = 3F3E6B9927A5A9210087E002 /* Preview Assets.xcassets */; };
		3F3E6BA227A5A9B90087E002 /* BuildioStatusBarNSAppDelegate.swift in Sources */ = {isa = PBXBuildFile; fileRef = 3F3E6BA127A5A9B90087E002 /* BuildioStatusBarNSAppDelegate.swift */; };
		3F3E6BA327A5AC020087E002 /* BuildioStatusBarApp.swift in Sources */ = {isa = PBXBuildFile; fileRef = 3F3E6B9227A5A9200087E002 /* BuildioStatusBarApp.swift */; };
		3F3E6BA827A5AD3C0087E002 /* BuildioStatusBar.app in Copy Status Bar App */ = {isa = PBXBuildFile; fileRef = 3F3E6B9027A5A9200087E002 /* BuildioStatusBar.app */; platformFilter = maccatalyst; settings = {ATTRIBUTES = (RemoveHeadersOnCopy, ); }; };
		3F3E6BAB27A5B0700087E002 /* BuildioUIAppDelegate.swift in Sources */ = {isa = PBXBuildFile; fileRef = 3F3E6BAA27A5B0700087E002 /* BuildioUIAppDelegate.swift */; };
		3F7063252750F6130028150F /* BuildioApp.swift in Sources */ = {isa = PBXBuildFile; fileRef = 3F7063242750F6130028150F /* BuildioApp.swift */; };
		3FC502202750FF6C005BC8F3 /* Assets.xcassets in Resources */ = {isa = PBXBuildFile; fileRef = 3FC5021F2750FF6C005BC8F3 /* Assets.xcassets */; };
		3FF23B44275EAE2800AFE0F1 /* BuildioMain in Frameworks */ = {isa = PBXBuildFile; productRef = 3FF23B43275EAE2800AFE0F1 /* BuildioMain */; };
/* End PBXBuildFile section */

/* Begin PBXContainerItemProxy section */
		3F3E6BA427A5AC450087E002 /* PBXContainerItemProxy */ = {
			isa = PBXContainerItemProxy;
			containerPortal = 3FE7B53F27072C1B00A6D8E1 /* Project object */;
			proxyType = 1;
			remoteGlobalIDString = 3F3E6B8F27A5A9200087E002;
			remoteInfo = BuildioStatusBar;
		};
/* End PBXContainerItemProxy section */

/* Begin PBXCopyFilesBuildPhase section */
		3F3E6BA727A5AD1C0087E002 /* Copy Status Bar App */ = {
			isa = PBXCopyFilesBuildPhase;
			buildActionMask = 2147483647;
			dstPath = Contents/Library/LoginItems;
			dstSubfolderSpec = 1;
			files = (
				3F3E6BA827A5AD3C0087E002 /* BuildioStatusBar.app in Copy Status Bar App */,
			);
			name = "Copy Status Bar App";
			runOnlyForDeploymentPostprocessing = 0;
		};
/* End PBXCopyFilesBuildPhase section */

/* Begin PBXFileReference section */
		3F3295842735A623001994B0 /* Buildio (iOS).entitlements */ = {isa = PBXFileReference; lastKnownFileType = text.plist.entitlements; path = "Buildio (iOS).entitlements"; sourceTree = "<group>"; };
		3F3E6B9027A5A9200087E002 /* BuildioStatusBar.app */ = {isa = PBXFileReference; explicitFileType = wrapper.application; includeInIndex = 0; path = BuildioStatusBar.app; sourceTree = BUILT_PRODUCTS_DIR; };
		3F3E6B9227A5A9200087E002 /* BuildioStatusBarApp.swift */ = {isa = PBXFileReference; lastKnownFileType = sourcecode.swift; path = BuildioStatusBarApp.swift; sourceTree = "<group>"; };
		3F3E6B9427A5A9200087E002 /* ContentView.swift */ = {isa = PBXFileReference; lastKnownFileType = sourcecode.swift; path = ContentView.swift; sourceTree = "<group>"; };
		3F3E6B9627A5A9210087E002 /* Assets.xcassets */ = {isa = PBXFileReference; lastKnownFileType = folder.assetcatalog; path = Assets.xcassets; sourceTree = "<group>"; };
		3F3E6B9927A5A9210087E002 /* Preview Assets.xcassets */ = {isa = PBXFileReference; lastKnownFileType = folder.assetcatalog; path = "Preview Assets.xcassets"; sourceTree = "<group>"; };
		3F3E6B9B27A5A9210087E002 /* BuildioStatusBar.entitlements */ = {isa = PBXFileReference; lastKnownFileType = text.plist.entitlements; path = BuildioStatusBar.entitlements; sourceTree = "<group>"; };
		3F3E6BA027A5A92B0087E002 /* Info.plist */ = {isa = PBXFileReference; lastKnownFileType = text.plist; path = Info.plist; sourceTree = "<group>"; };
		3F3E6BA127A5A9B90087E002 /* BuildioStatusBarNSAppDelegate.swift */ = {isa = PBXFileReference; lastKnownFileType = sourcecode.swift; path = BuildioStatusBarNSAppDelegate.swift; sourceTree = "<group>"; };
		3F3E6BA927A5AEF00087E002 /* BuildioBridgingHeader.h */ = {isa = PBXFileReference; lastKnownFileType = sourcecode.c.h; path = BuildioBridgingHeader.h; sourceTree = "<group>"; };
		3F3E6BAA27A5B0700087E002 /* BuildioUIAppDelegate.swift */ = {isa = PBXFileReference; fileEncoding = 4; lastKnownFileType = sourcecode.swift; path = BuildioUIAppDelegate.swift; sourceTree = "<group>"; };
		3F7063242750F6130028150F /* BuildioApp.swift */ = {isa = PBXFileReference; fileEncoding = 4; lastKnownFileType = sourcecode.swift; path = BuildioApp.swift; sourceTree = "<group>"; };
		3FC5021F2750FF6C005BC8F3 /* Assets.xcassets */ = {isa = PBXFileReference; lastKnownFileType = folder.assetcatalog; path = Assets.xcassets; sourceTree = "<group>"; };
		3FD8FDBF2731F78C0060BDF4 /* Buildio.plist */ = {isa = PBXFileReference; lastKnownFileType = text.plist.xml; path = Buildio.plist; sourceTree = "<group>"; };
		3FE7B54B27072C1E00A6D8E1 /* Buildio.app */ = {isa = PBXFileReference; explicitFileType = wrapper.application; includeInIndex = 0; path = Buildio.app; sourceTree = BUILT_PRODUCTS_DIR; };
		3FF23B42275EAE1000AFE0F1 /* BuildioMain */ = {isa = PBXFileReference; lastKnownFileType = folder; name = BuildioMain; path = Modules/BuildioMain; sourceTree = "<group>"; };
/* End PBXFileReference section */

/* Begin PBXFrameworksBuildPhase section */
		3F3E6B8D27A5A9200087E002 /* Frameworks */ = {
			isa = PBXFrameworksBuildPhase;
			buildActionMask = 2147483647;
			files = (
			);
			runOnlyForDeploymentPostprocessing = 0;
		};
		3FE7B54827072C1E00A6D8E1 /* Frameworks */ = {
			isa = PBXFrameworksBuildPhase;
			buildActionMask = 2147483647;
			files = (
				3FF23B44275EAE2800AFE0F1 /* BuildioMain in Frameworks */,
			);
			runOnlyForDeploymentPostprocessing = 0;
		};
/* End PBXFrameworksBuildPhase section */

/* Begin PBXGroup section */
		3F030284272C0A08005B5F2A /* Frameworks */ = {
			isa = PBXGroup;
			children = (
			);
			name = Frameworks;
			sourceTree = "<group>";
		};
		3F19ABAB272C092D0070DFE3 /* Packages */ = {
			isa = PBXGroup;
			children = (
				3FF23B42275EAE1000AFE0F1 /* BuildioMain */,
			);
			name = Packages;
			sourceTree = "<group>";
		};
		3F3E6B9127A5A9200087E002 /* BuildioStatusBar */ = {
			isa = PBXGroup;
			children = (
				3F3E6BA027A5A92B0087E002 /* Info.plist */,
				3F3E6B9227A5A9200087E002 /* BuildioStatusBarApp.swift */,
				3F3E6B9427A5A9200087E002 /* ContentView.swift */,
				3F3E6B9627A5A9210087E002 /* Assets.xcassets */,
				3F3E6B9B27A5A9210087E002 /* BuildioStatusBar.entitlements */,
				3F3E6B9827A5A9210087E002 /* Preview Content */,
				3F3E6BA127A5A9B90087E002 /* BuildioStatusBarNSAppDelegate.swift */,
			);
			path = BuildioStatusBar;
			sourceTree = "<group>";
		};
		3F3E6B9827A5A9210087E002 /* Preview Content */ = {
			isa = PBXGroup;
			children = (
				3F3E6B9927A5A9210087E002 /* Preview Assets.xcassets */,
			);
			path = "Preview Content";
			sourceTree = "<group>";
		};
		3F7063232750F6130028150F /* Shared */ = {
			isa = PBXGroup;
			children = (
				3F3E6BAA27A5B0700087E002 /* BuildioUIAppDelegate.swift */,
				3FC5021F2750FF6C005BC8F3 /* Assets.xcassets */,
				3F7063242750F6130028150F /* BuildioApp.swift */,
				3F3E6BA927A5AEF00087E002 /* BuildioBridgingHeader.h */,
			);
			path = Shared;
			sourceTree = "<group>";
		};
		3FD8FDB52731C44F0060BDF4 /* Recovered References */ = {
			isa = PBXGroup;
			children = (
			);
			name = "Recovered References";
			sourceTree = "<group>";
		};
		3FE7B53E27072C1B00A6D8E1 = {
			isa = PBXGroup;
			children = (
				3F7063232750F6130028150F /* Shared */,
				3F3295842735A623001994B0 /* Buildio (iOS).entitlements */,
				3FD8FDBF2731F78C0060BDF4 /* Buildio.plist */,
				3F19ABAB272C092D0070DFE3 /* Packages */,
				3F3E6B9127A5A9200087E002 /* BuildioStatusBar */,
				3FE7B54C27072C1E00A6D8E1 /* Products */,
				3F030284272C0A08005B5F2A /* Frameworks */,
				3FD8FDB52731C44F0060BDF4 /* Recovered References */,
			);
			sourceTree = "<group>";
		};
		3FE7B54C27072C1E00A6D8E1 /* Products */ = {
			isa = PBXGroup;
			children = (
				3FE7B54B27072C1E00A6D8E1 /* Buildio.app */,
				3F3E6B9027A5A9200087E002 /* BuildioStatusBar.app */,
			);
			name = Products;
			sourceTree = "<group>";
		};
/* End PBXGroup section */

/* Begin PBXNativeTarget section */
		3F3E6B8F27A5A9200087E002 /* BuildioStatusBar */ = {
			isa = PBXNativeTarget;
			buildConfigurationList = 3F3E6B9F27A5A9210087E002 /* Build configuration list for PBXNativeTarget "BuildioStatusBar" */;
			buildPhases = (
				3F3E6B8C27A5A9200087E002 /* Sources */,
				3F3E6B8D27A5A9200087E002 /* Frameworks */,
				3F3E6B8E27A5A9200087E002 /* Resources */,
			);
			buildRules = (
			);
			dependencies = (
			);
			name = BuildioStatusBar;
			productName = BuildioStatusBar;
			productReference = 3F3E6B9027A5A9200087E002 /* BuildioStatusBar.app */;
			productType = "com.apple.product-type.application";
		};
		3FE7B54A27072C1E00A6D8E1 /* Buildio */ = {
			isa = PBXNativeTarget;
			buildConfigurationList = 3FE7B55C27072C1E00A6D8E1 /* Build configuration list for PBXNativeTarget "Buildio" */;
			buildPhases = (
				3FE7B54727072C1E00A6D8E1 /* Sources */,
				3FE7B54827072C1E00A6D8E1 /* Frameworks */,
				3FE7B54927072C1E00A6D8E1 /* Resources */,
				3F509BEA272B0A6400C051A0 /* Swiftlint */,
				3F3E6BA727A5AD1C0087E002 /* Copy Status Bar App */,
			);
			buildRules = (
			);
			dependencies = (
				3F3E6BA527A5AC450087E002 /* PBXTargetDependency */,
			);
			name = Buildio;
			packageProductDependencies = (
				3FF23B43275EAE2800AFE0F1 /* BuildioMain */,
			);
			productName = "Buildio (iOS)";
			productReference = 3FE7B54B27072C1E00A6D8E1 /* Buildio.app */;
			productType = "com.apple.product-type.application";
		};
/* End PBXNativeTarget section */

/* Begin PBXProject section */
		3FE7B53F27072C1B00A6D8E1 /* Project object */ = {
			isa = PBXProject;
			attributes = {
				BuildIndependentTargetsInParallel = 1;
				LastSwiftUpdateCheck = 1320;
				LastUpgradeCheck = 1300;
				TargetAttributes = {
					3F3E6B8F27A5A9200087E002 = {
						CreatedOnToolsVersion = 13.2.1;
					};
					3FE7B54A27072C1E00A6D8E1 = {
						CreatedOnToolsVersion = 13.0;
					};
				};
			};
			buildConfigurationList = 3FE7B54227072C1B00A6D8E1 /* Build configuration list for PBXProject "Buildio" */;
			compatibilityVersion = "Xcode 13.0";
			developmentRegion = en;
			hasScannedForEncodings = 0;
			knownRegions = (
				en,
				Base,
			);
			mainGroup = 3FE7B53E27072C1B00A6D8E1;
			packageReferences = (
			);
			productRefGroup = 3FE7B54C27072C1E00A6D8E1 /* Products */;
			projectDirPath = "";
			projectRoot = "";
			targets = (
				3FE7B54A27072C1E00A6D8E1 /* Buildio */,
				3F3E6B8F27A5A9200087E002 /* BuildioStatusBar */,
			);
		};
/* End PBXProject section */

/* Begin PBXResourcesBuildPhase section */
		3F3E6B8E27A5A9200087E002 /* Resources */ = {
			isa = PBXResourcesBuildPhase;
			buildActionMask = 2147483647;
			files = (
				3F3E6B9A27A5A9210087E002 /* Preview Assets.xcassets in Resources */,
				3F3E6B9727A5A9210087E002 /* Assets.xcassets in Resources */,
			);
			runOnlyForDeploymentPostprocessing = 0;
		};
		3FE7B54927072C1E00A6D8E1 /* Resources */ = {
			isa = PBXResourcesBuildPhase;
			buildActionMask = 2147483647;
			files = (
				3FC502202750FF6C005BC8F3 /* Assets.xcassets in Resources */,
			);
			runOnlyForDeploymentPostprocessing = 0;
		};
/* End PBXResourcesBuildPhase section */

/* Begin PBXShellScriptBuildPhase section */
		3F509BEA272B0A6400C051A0 /* Swiftlint */ = {
			isa = PBXShellScriptBuildPhase;
			buildActionMask = 2147483647;
			files = (
			);
			inputFileListPaths = (
			);
			inputPaths = (
			);
			name = Swiftlint;
			outputFileListPaths = (
			);
			outputPaths = (
			);
			runOnlyForDeploymentPostprocessing = 0;
			shellPath = /bin/sh;
			shellScript = "export PATH=\"$PATH:/opt/homebrew/bin\"\n\nif which swiftlint >/dev/null; then\n  swiftlint\nelse\n  echo \"warning: SwiftLint not installed, download from https://github.com/realm/SwiftLint\"\nfi\n";
		};
/* End PBXShellScriptBuildPhase section */

/* Begin PBXSourcesBuildPhase section */
		3F3E6B8C27A5A9200087E002 /* Sources */ = {
			isa = PBXSourcesBuildPhase;
			buildActionMask = 2147483647;
			files = (
				3F3E6B9527A5A9200087E002 /* ContentView.swift in Sources */,
				3F3E6BA227A5A9B90087E002 /* BuildioStatusBarNSAppDelegate.swift in Sources */,
				3F3E6BA327A5AC020087E002 /* BuildioStatusBarApp.swift in Sources */,
			);
			runOnlyForDeploymentPostprocessing = 0;
		};
		3FE7B54727072C1E00A6D8E1 /* Sources */ = {
			isa = PBXSourcesBuildPhase;
			buildActionMask = 2147483647;
			files = (
				3F7063252750F6130028150F /* BuildioApp.swift in Sources */,
				3F3E6BAB27A5B0700087E002 /* BuildioUIAppDelegate.swift in Sources */,
			);
			runOnlyForDeploymentPostprocessing = 0;
		};
/* End PBXSourcesBuildPhase section */

/* Begin PBXTargetDependency section */
		3F3E6BA527A5AC450087E002 /* PBXTargetDependency */ = {
			isa = PBXTargetDependency;
			platformFilter = maccatalyst;
			target = 3F3E6B8F27A5A9200087E002 /* BuildioStatusBar */;
			targetProxy = 3F3E6BA427A5AC450087E002 /* PBXContainerItemProxy */;
		};
/* End PBXTargetDependency section */

/* Begin XCBuildConfiguration section */
		3F3E6B9C27A5A9210087E002 /* Debug */ = {
			isa = XCBuildConfiguration;
			buildSettings = {
				ASSETCATALOG_COMPILER_APPICON_NAME = AppIcon;
				ASSETCATALOG_COMPILER_GLOBAL_ACCENT_COLOR_NAME = AccentColor;
				CODE_SIGN_ENTITLEMENTS = BuildioStatusBar/BuildioStatusBar.entitlements;
				CODE_SIGN_STYLE = Automatic;
				COMBINE_HIDPI_IMAGES = YES;
				CURRENT_PROJECT_VERSION = 1;
				DEVELOPMENT_ASSET_PATHS = "\"BuildioStatusBar/Preview Content\"";
				DEVELOPMENT_TEAM = 6C4646EB2U;
				ENABLE_HARDENED_RUNTIME = YES;
				ENABLE_PREVIEWS = YES;
				GENERATE_INFOPLIST_FILE = YES;
				INFOPLIST_FILE = BuildioStatusBar/Info.plist;
				INFOPLIST_KEY_NSHumanReadableCopyright = "";
				INFOPLIST_KEY_NSPrincipalClass = BuildioStatusBar.BuildioStatusBarApp;
				LD_RUNPATH_SEARCH_PATHS = (
					"$(inherited)",
					"@executable_path/../Frameworks",
				);
				MACOSX_DEPLOYMENT_TARGET = 12.1;
				MARKETING_VERSION = 1.0;
				PRODUCT_BUNDLE_IDENTIFIER = com.sergeyk.BuildioStatusBar;
				PRODUCT_NAME = "$(TARGET_NAME)";
				SDKROOT = macosx;
				SWIFT_EMIT_LOC_STRINGS = YES;
				SWIFT_VERSION = 5.0;
			};
			name = Debug;
		};
		3F3E6B9D27A5A9210087E002 /* Release */ = {
			isa = XCBuildConfiguration;
			buildSettings = {
				ASSETCATALOG_COMPILER_APPICON_NAME = AppIcon;
				ASSETCATALOG_COMPILER_GLOBAL_ACCENT_COLOR_NAME = AccentColor;
				CODE_SIGN_ENTITLEMENTS = BuildioStatusBar/BuildioStatusBar.entitlements;
				CODE_SIGN_STYLE = Automatic;
				COMBINE_HIDPI_IMAGES = YES;
				CURRENT_PROJECT_VERSION = 1;
				DEVELOPMENT_ASSET_PATHS = "\"BuildioStatusBar/Preview Content\"";
				DEVELOPMENT_TEAM = 6C4646EB2U;
				ENABLE_HARDENED_RUNTIME = YES;
				ENABLE_PREVIEWS = YES;
				GENERATE_INFOPLIST_FILE = YES;
				INFOPLIST_FILE = BuildioStatusBar/Info.plist;
				INFOPLIST_KEY_NSHumanReadableCopyright = "";
				INFOPLIST_KEY_NSPrincipalClass = BuildioStatusBar.BuildioStatusBarApp;
				LD_RUNPATH_SEARCH_PATHS = (
					"$(inherited)",
					"@executable_path/../Frameworks",
				);
				MACOSX_DEPLOYMENT_TARGET = 12.1;
				MARKETING_VERSION = 1.0;
				PRODUCT_BUNDLE_IDENTIFIER = com.sergeyk.BuildioStatusBar;
				PRODUCT_NAME = "$(TARGET_NAME)";
				SDKROOT = macosx;
				SWIFT_EMIT_LOC_STRINGS = YES;
				SWIFT_VERSION = 5.0;
			};
			name = Release;
		};
		3F3E6B9E27A5A9210087E002 /* AdHoc */ = {
			isa = XCBuildConfiguration;
			buildSettings = {
				ASSETCATALOG_COMPILER_APPICON_NAME = AppIcon;
				ASSETCATALOG_COMPILER_GLOBAL_ACCENT_COLOR_NAME = AccentColor;
				CODE_SIGN_ENTITLEMENTS = BuildioStatusBar/BuildioStatusBar.entitlements;
				CODE_SIGN_STYLE = Automatic;
				COMBINE_HIDPI_IMAGES = YES;
				CURRENT_PROJECT_VERSION = 1;
				DEVELOPMENT_ASSET_PATHS = "\"BuildioStatusBar/Preview Content\"";
				DEVELOPMENT_TEAM = 6C4646EB2U;
				ENABLE_HARDENED_RUNTIME = YES;
				ENABLE_PREVIEWS = YES;
				GENERATE_INFOPLIST_FILE = YES;
				INFOPLIST_FILE = BuildioStatusBar/Info.plist;
				INFOPLIST_KEY_NSHumanReadableCopyright = "";
				INFOPLIST_KEY_NSPrincipalClass = BuildioStatusBar.BuildioStatusBarApp;
				LD_RUNPATH_SEARCH_PATHS = (
					"$(inherited)",
					"@executable_path/../Frameworks",
				);
				MACOSX_DEPLOYMENT_TARGET = 12.1;
				MARKETING_VERSION = 1.0;
				PRODUCT_BUNDLE_IDENTIFIER = com.sergeyk.BuildioStatusBar;
				PRODUCT_NAME = "$(TARGET_NAME)";
				SDKROOT = macosx;
				SWIFT_EMIT_LOC_STRINGS = YES;
				SWIFT_VERSION = 5.0;
			};
			name = AdHoc;
		};
		3F71C675275E37F800C6A7DB /* AdHoc */ = {
			isa = XCBuildConfiguration;
			buildSettings = {
				ALWAYS_SEARCH_USER_PATHS = NO;
				CLANG_ANALYZER_NONNULL = YES;
				CLANG_ANALYZER_NUMBER_OBJECT_CONVERSION = YES_AGGRESSIVE;
				CLANG_CXX_LANGUAGE_STANDARD = "gnu++17";
				CLANG_CXX_LIBRARY = "libc++";
				CLANG_ENABLE_MODULES = YES;
				CLANG_ENABLE_OBJC_ARC = YES;
				CLANG_ENABLE_OBJC_WEAK = YES;
				CLANG_WARN_BLOCK_CAPTURE_AUTORELEASING = YES;
				CLANG_WARN_BOOL_CONVERSION = YES;
				CLANG_WARN_COMMA = YES;
				CLANG_WARN_CONSTANT_CONVERSION = YES;
				CLANG_WARN_DEPRECATED_OBJC_IMPLEMENTATIONS = YES;
				CLANG_WARN_DIRECT_OBJC_ISA_USAGE = YES_ERROR;
				CLANG_WARN_DOCUMENTATION_COMMENTS = YES;
				CLANG_WARN_EMPTY_BODY = YES;
				CLANG_WARN_ENUM_CONVERSION = YES;
				CLANG_WARN_INFINITE_RECURSION = YES;
				CLANG_WARN_INT_CONVERSION = YES;
				CLANG_WARN_NON_LITERAL_NULL_CONVERSION = YES;
				CLANG_WARN_OBJC_IMPLICIT_RETAIN_SELF = YES;
				CLANG_WARN_OBJC_LITERAL_CONVERSION = YES;
				CLANG_WARN_OBJC_ROOT_CLASS = YES_ERROR;
				CLANG_WARN_QUOTED_INCLUDE_IN_FRAMEWORK_HEADER = YES;
				CLANG_WARN_RANGE_LOOP_ANALYSIS = YES;
				CLANG_WARN_STRICT_PROTOTYPES = YES;
				CLANG_WARN_SUSPICIOUS_MOVE = YES;
				CLANG_WARN_UNGUARDED_AVAILABILITY = YES_AGGRESSIVE;
				CLANG_WARN_UNREACHABLE_CODE = YES;
				CLANG_WARN__DUPLICATE_METHOD_MATCH = YES;
				COPY_PHASE_STRIP = NO;
				DEBUG_INFORMATION_FORMAT = "dwarf-with-dsym";
				ENABLE_NS_ASSERTIONS = NO;
				ENABLE_STRICT_OBJC_MSGSEND = YES;
				GCC_C_LANGUAGE_STANDARD = gnu11;
				GCC_NO_COMMON_BLOCKS = YES;
				GCC_WARN_64_TO_32_BIT_CONVERSION = YES;
				GCC_WARN_ABOUT_RETURN_TYPE = YES_ERROR;
				GCC_WARN_UNDECLARED_SELECTOR = YES;
				GCC_WARN_UNINITIALIZED_AUTOS = YES_AGGRESSIVE;
				GCC_WARN_UNUSED_FUNCTION = YES;
				GCC_WARN_UNUSED_VARIABLE = YES;
				IPHONEOS_DEPLOYMENT_TARGET = 14.0;
				MACOSX_DEPLOYMENT_TARGET = 10.15;
				MTL_ENABLE_DEBUG_INFO = NO;
				MTL_FAST_MATH = YES;
				SWIFT_COMPILATION_MODE = wholemodule;
				SWIFT_OPTIMIZATION_LEVEL = "-O";
			};
			name = AdHoc;
		};
		3F71C676275E37F800C6A7DB /* AdHoc */ = {
			isa = XCBuildConfiguration;
			buildSettings = {
				ASSETCATALOG_COMPILER_APPICON_NAME = AppIcon;
				ASSETCATALOG_COMPILER_GLOBAL_ACCENT_COLOR_NAME = AccentColor;
				CODE_SIGN_ENTITLEMENTS = "Buildio (iOS).entitlements";
				CODE_SIGN_IDENTITY = "Apple Development";
				"CODE_SIGN_IDENTITY[sdk=macosx*]" = "Apple Development";
				CODE_SIGN_STYLE = Automatic;
				CURRENT_PROJECT_VERSION = 1;
				DEVELOPMENT_TEAM = 6C4646EB2U;
				ENABLE_PREVIEWS = YES;
				GENERATE_INFOPLIST_FILE = YES;
				INFOPLIST_FILE = Buildio.plist;
				INFOPLIST_KEY_LSApplicationCategoryType = "public.app-category.developer-tools";
				INFOPLIST_KEY_UIApplicationSupportsIndirectInputEvents = YES;
				INFOPLIST_KEY_UILaunchScreen_Generation = YES;
				INFOPLIST_KEY_UIRequiresFullScreen = NO;
				INFOPLIST_KEY_UISupportedInterfaceOrientations_iPad = "UIInterfaceOrientationPortrait UIInterfaceOrientationPortraitUpsideDown UIInterfaceOrientationLandscapeLeft UIInterfaceOrientationLandscapeRight";
				INFOPLIST_KEY_UISupportedInterfaceOrientations_iPhone = "UIInterfaceOrientationPortrait UIInterfaceOrientationLandscapeLeft UIInterfaceOrientationLandscapeRight";
				LD_RUNPATH_SEARCH_PATHS = (
					"$(inherited)",
					"@executable_path/Frameworks",
				);
				MARKETING_VERSION = 1.0.0;
				PRODUCT_BUNDLE_IDENTIFIER = com.sergeyk.Buildio;
				PRODUCT_NAME = Buildio;
				PROVISIONING_PROFILE_SPECIFIER = "";
				"PROVISIONING_PROFILE_SPECIFIER[sdk=macosx*]" = "";
				SDKROOT = iphoneos;
				SUPPORTS_MACCATALYST = YES;
				SUPPORTS_MAC_DESIGNED_FOR_IPHONE_IPAD = NO;
				SWIFT_EMIT_LOC_STRINGS = YES;
				SWIFT_OBJC_BRIDGING_HEADER = Shared/BuildioBridgingHeader.h;
				SWIFT_VERSION = 5.0;
				TARGETED_DEVICE_FAMILY = "1,2,6";
				VALIDATE_PRODUCT = YES;
			};
			name = AdHoc;
		};
		3FE7B55A27072C1E00A6D8E1 /* Debug */ = {
			isa = XCBuildConfiguration;
			buildSettings = {
				ALWAYS_SEARCH_USER_PATHS = NO;
				CLANG_ANALYZER_NONNULL = YES;
				CLANG_ANALYZER_NUMBER_OBJECT_CONVERSION = YES_AGGRESSIVE;
				CLANG_CXX_LANGUAGE_STANDARD = "gnu++17";
				CLANG_CXX_LIBRARY = "libc++";
				CLANG_ENABLE_MODULES = YES;
				CLANG_ENABLE_OBJC_ARC = YES;
				CLANG_ENABLE_OBJC_WEAK = YES;
				CLANG_WARN_BLOCK_CAPTURE_AUTORELEASING = YES;
				CLANG_WARN_BOOL_CONVERSION = YES;
				CLANG_WARN_COMMA = YES;
				CLANG_WARN_CONSTANT_CONVERSION = YES;
				CLANG_WARN_DEPRECATED_OBJC_IMPLEMENTATIONS = YES;
				CLANG_WARN_DIRECT_OBJC_ISA_USAGE = YES_ERROR;
				CLANG_WARN_DOCUMENTATION_COMMENTS = YES;
				CLANG_WARN_EMPTY_BODY = YES;
				CLANG_WARN_ENUM_CONVERSION = YES;
				CLANG_WARN_INFINITE_RECURSION = YES;
				CLANG_WARN_INT_CONVERSION = YES;
				CLANG_WARN_NON_LITERAL_NULL_CONVERSION = YES;
				CLANG_WARN_OBJC_IMPLICIT_RETAIN_SELF = YES;
				CLANG_WARN_OBJC_LITERAL_CONVERSION = YES;
				CLANG_WARN_OBJC_ROOT_CLASS = YES_ERROR;
				CLANG_WARN_QUOTED_INCLUDE_IN_FRAMEWORK_HEADER = YES;
				CLANG_WARN_RANGE_LOOP_ANALYSIS = YES;
				CLANG_WARN_STRICT_PROTOTYPES = YES;
				CLANG_WARN_SUSPICIOUS_MOVE = YES;
				CLANG_WARN_UNGUARDED_AVAILABILITY = YES_AGGRESSIVE;
				CLANG_WARN_UNREACHABLE_CODE = YES;
				CLANG_WARN__DUPLICATE_METHOD_MATCH = YES;
				COPY_PHASE_STRIP = NO;
				DEBUG_INFORMATION_FORMAT = dwarf;
				ENABLE_STRICT_OBJC_MSGSEND = YES;
				ENABLE_TESTABILITY = YES;
				GCC_C_LANGUAGE_STANDARD = gnu11;
				GCC_DYNAMIC_NO_PIC = NO;
				GCC_NO_COMMON_BLOCKS = YES;
				GCC_OPTIMIZATION_LEVEL = 0;
				GCC_PREPROCESSOR_DEFINITIONS = (
					"DEBUG=1",
					"$(inherited)",
				);
				GCC_WARN_64_TO_32_BIT_CONVERSION = YES;
				GCC_WARN_ABOUT_RETURN_TYPE = YES_ERROR;
				GCC_WARN_UNDECLARED_SELECTOR = YES;
				GCC_WARN_UNINITIALIZED_AUTOS = YES_AGGRESSIVE;
				GCC_WARN_UNUSED_FUNCTION = YES;
				GCC_WARN_UNUSED_VARIABLE = YES;
				IPHONEOS_DEPLOYMENT_TARGET = 14.0;
				MACOSX_DEPLOYMENT_TARGET = 10.15;
				MTL_ENABLE_DEBUG_INFO = INCLUDE_SOURCE;
				MTL_FAST_MATH = YES;
				ONLY_ACTIVE_ARCH = YES;
				SWIFT_ACTIVE_COMPILATION_CONDITIONS = DEBUG;
				SWIFT_OPTIMIZATION_LEVEL = "-Onone";
			};
			name = Debug;
		};
		3FE7B55B27072C1E00A6D8E1 /* Release */ = {
			isa = XCBuildConfiguration;
			buildSettings = {
				ALWAYS_SEARCH_USER_PATHS = NO;
				CLANG_ANALYZER_NONNULL = YES;
				CLANG_ANALYZER_NUMBER_OBJECT_CONVERSION = YES_AGGRESSIVE;
				CLANG_CXX_LANGUAGE_STANDARD = "gnu++17";
				CLANG_CXX_LIBRARY = "libc++";
				CLANG_ENABLE_MODULES = YES;
				CLANG_ENABLE_OBJC_ARC = YES;
				CLANG_ENABLE_OBJC_WEAK = YES;
				CLANG_WARN_BLOCK_CAPTURE_AUTORELEASING = YES;
				CLANG_WARN_BOOL_CONVERSION = YES;
				CLANG_WARN_COMMA = YES;
				CLANG_WARN_CONSTANT_CONVERSION = YES;
				CLANG_WARN_DEPRECATED_OBJC_IMPLEMENTATIONS = YES;
				CLANG_WARN_DIRECT_OBJC_ISA_USAGE = YES_ERROR;
				CLANG_WARN_DOCUMENTATION_COMMENTS = YES;
				CLANG_WARN_EMPTY_BODY = YES;
				CLANG_WARN_ENUM_CONVERSION = YES;
				CLANG_WARN_INFINITE_RECURSION = YES;
				CLANG_WARN_INT_CONVERSION = YES;
				CLANG_WARN_NON_LITERAL_NULL_CONVERSION = YES;
				CLANG_WARN_OBJC_IMPLICIT_RETAIN_SELF = YES;
				CLANG_WARN_OBJC_LITERAL_CONVERSION = YES;
				CLANG_WARN_OBJC_ROOT_CLASS = YES_ERROR;
				CLANG_WARN_QUOTED_INCLUDE_IN_FRAMEWORK_HEADER = YES;
				CLANG_WARN_RANGE_LOOP_ANALYSIS = YES;
				CLANG_WARN_STRICT_PROTOTYPES = YES;
				CLANG_WARN_SUSPICIOUS_MOVE = YES;
				CLANG_WARN_UNGUARDED_AVAILABILITY = YES_AGGRESSIVE;
				CLANG_WARN_UNREACHABLE_CODE = YES;
				CLANG_WARN__DUPLICATE_METHOD_MATCH = YES;
				COPY_PHASE_STRIP = NO;
				DEBUG_INFORMATION_FORMAT = "dwarf-with-dsym";
				ENABLE_NS_ASSERTIONS = NO;
				ENABLE_STRICT_OBJC_MSGSEND = YES;
				GCC_C_LANGUAGE_STANDARD = gnu11;
				GCC_NO_COMMON_BLOCKS = YES;
				GCC_WARN_64_TO_32_BIT_CONVERSION = YES;
				GCC_WARN_ABOUT_RETURN_TYPE = YES_ERROR;
				GCC_WARN_UNDECLARED_SELECTOR = YES;
				GCC_WARN_UNINITIALIZED_AUTOS = YES_AGGRESSIVE;
				GCC_WARN_UNUSED_FUNCTION = YES;
				GCC_WARN_UNUSED_VARIABLE = YES;
				IPHONEOS_DEPLOYMENT_TARGET = 14.0;
				MACOSX_DEPLOYMENT_TARGET = 10.15;
				MTL_ENABLE_DEBUG_INFO = NO;
				MTL_FAST_MATH = YES;
				SWIFT_COMPILATION_MODE = wholemodule;
				SWIFT_OPTIMIZATION_LEVEL = "-O";
			};
			name = Release;
		};
		3FE7B55D27072C1E00A6D8E1 /* Debug */ = {
			isa = XCBuildConfiguration;
			buildSettings = {
				ASSETCATALOG_COMPILER_APPICON_NAME = AppIcon;
				ASSETCATALOG_COMPILER_GLOBAL_ACCENT_COLOR_NAME = AccentColor;
				CODE_SIGN_ENTITLEMENTS = "Buildio (iOS).entitlements";
				CODE_SIGN_IDENTITY = "Apple Development";
				"CODE_SIGN_IDENTITY[sdk=macosx*]" = "Apple Development";
				CODE_SIGN_STYLE = Automatic;
				CURRENT_PROJECT_VERSION = 1;
				DEVELOPMENT_TEAM = 6C4646EB2U;
				ENABLE_PREVIEWS = YES;
				GENERATE_INFOPLIST_FILE = YES;
				INFOPLIST_FILE = Buildio.plist;
				INFOPLIST_KEY_LSApplicationCategoryType = "public.app-category.developer-tools";
				INFOPLIST_KEY_UIApplicationSupportsIndirectInputEvents = YES;
				INFOPLIST_KEY_UILaunchScreen_Generation = YES;
				INFOPLIST_KEY_UIRequiresFullScreen = NO;
				INFOPLIST_KEY_UISupportedInterfaceOrientations_iPad = "UIInterfaceOrientationPortrait UIInterfaceOrientationPortraitUpsideDown UIInterfaceOrientationLandscapeLeft UIInterfaceOrientationLandscapeRight";
				INFOPLIST_KEY_UISupportedInterfaceOrientations_iPhone = "UIInterfaceOrientationPortrait UIInterfaceOrientationLandscapeLeft UIInterfaceOrientationLandscapeRight";
				LD_RUNPATH_SEARCH_PATHS = (
					"$(inherited)",
					"@executable_path/Frameworks",
				);
				MARKETING_VERSION = 1.0.0;
				PRODUCT_BUNDLE_IDENTIFIER = com.sergeyk.Buildio;
				PRODUCT_NAME = Buildio;
				PROVISIONING_PROFILE_SPECIFIER = "";
				"PROVISIONING_PROFILE_SPECIFIER[sdk=macosx*]" = "";
				SDKROOT = iphoneos;
				SUPPORTS_MACCATALYST = YES;
				SUPPORTS_MAC_DESIGNED_FOR_IPHONE_IPAD = NO;
				SWIFT_EMIT_LOC_STRINGS = YES;
				SWIFT_OBJC_BRIDGING_HEADER = Shared/BuildioBridgingHeader.h;
				SWIFT_VERSION = 5.0;
				TARGETED_DEVICE_FAMILY = "1,2,6";
			};
			name = Debug;
		};
		3FE7B55E27072C1E00A6D8E1 /* Release */ = {
			isa = XCBuildConfiguration;
			buildSettings = {
				ASSETCATALOG_COMPILER_APPICON_NAME = AppIcon;
				ASSETCATALOG_COMPILER_GLOBAL_ACCENT_COLOR_NAME = AccentColor;
				CODE_SIGN_ENTITLEMENTS = "Buildio (iOS).entitlements";
				CODE_SIGN_IDENTITY = "Apple Distribution: Sergii Khliustin (6C4646EB2U)";
				CODE_SIGN_STYLE = Manual;
				CURRENT_PROJECT_VERSION = 1;
				DEVELOPMENT_TEAM = 6C4646EB2U;
				ENABLE_PREVIEWS = YES;
				GENERATE_INFOPLIST_FILE = YES;
				INFOPLIST_FILE = Buildio.plist;
				INFOPLIST_KEY_LSApplicationCategoryType = "public.app-category.developer-tools";
				INFOPLIST_KEY_UIApplicationSupportsIndirectInputEvents = YES;
				INFOPLIST_KEY_UILaunchScreen_Generation = YES;
				INFOPLIST_KEY_UIRequiresFullScreen = NO;
				INFOPLIST_KEY_UISupportedInterfaceOrientations_iPad = "UIInterfaceOrientationPortrait UIInterfaceOrientationPortraitUpsideDown UIInterfaceOrientationLandscapeLeft UIInterfaceOrientationLandscapeRight";
				INFOPLIST_KEY_UISupportedInterfaceOrientations_iPhone = "UIInterfaceOrientationPortrait UIInterfaceOrientationLandscapeLeft UIInterfaceOrientationLandscapeRight";
				LD_RUNPATH_SEARCH_PATHS = (
					"$(inherited)",
					"@executable_path/Frameworks",
				);
				MARKETING_VERSION = 1.0.0;
				PRODUCT_BUNDLE_IDENTIFIER = com.sergeyk.Buildio;
				PRODUCT_NAME = Buildio;
				PROVISIONING_PROFILE_SPECIFIER = "IOS distribution";
				"PROVISIONING_PROFILE_SPECIFIER[sdk=macosx*]" = "Mac distribution";
				SDKROOT = iphoneos;
				SUPPORTS_MACCATALYST = YES;
				SUPPORTS_MAC_DESIGNED_FOR_IPHONE_IPAD = NO;
				SWIFT_EMIT_LOC_STRINGS = YES;
				SWIFT_OBJC_BRIDGING_HEADER = Shared/BuildioBridgingHeader.h;
				SWIFT_VERSION = 5.0;
				TARGETED_DEVICE_FAMILY = "1,2,6";
				VALIDATE_PRODUCT = YES;
			};
			name = Release;
		};
/* End XCBuildConfiguration section */

/* Begin XCConfigurationList section */
		3F3E6B9F27A5A9210087E002 /* Build configuration list for PBXNativeTarget "BuildioStatusBar" */ = {
			isa = XCConfigurationList;
			buildConfigurations = (
				3F3E6B9C27A5A9210087E002 /* Debug */,
				3F3E6B9D27A5A9210087E002 /* Release */,
				3F3E6B9E27A5A9210087E002 /* AdHoc */,
			);
			defaultConfigurationIsVisible = 0;
			defaultConfigurationName = Release;
		};
		3FE7B54227072C1B00A6D8E1 /* Build configuration list for PBXProject "Buildio" */ = {
			isa = XCConfigurationList;
			buildConfigurations = (
				3FE7B55A27072C1E00A6D8E1 /* Debug */,
				3FE7B55B27072C1E00A6D8E1 /* Release */,
				3F71C675275E37F800C6A7DB /* AdHoc */,
			);
			defaultConfigurationIsVisible = 0;
			defaultConfigurationName = Release;
		};
		3FE7B55C27072C1E00A6D8E1 /* Build configuration list for PBXNativeTarget "Buildio" */ = {
			isa = XCConfigurationList;
			buildConfigurations = (
				3FE7B55D27072C1E00A6D8E1 /* Debug */,
				3FE7B55E27072C1E00A6D8E1 /* Release */,
				3F71C676275E37F800C6A7DB /* AdHoc */,
			);
			defaultConfigurationIsVisible = 0;
			defaultConfigurationName = Release;
		};
/* End XCConfigurationList section */

/* Begin XCSwiftPackageProductDependency section */
		3FF23B43275EAE2800AFE0F1 /* BuildioMain */ = {
			isa = XCSwiftPackageProductDependency;
			productName = BuildioMain;
		};
/* End XCSwiftPackageProductDependency section */
	};
	rootObject = 3FE7B53F27072C1B00A6D8E1 /* Project object */;
}
